
Microsoft Visual Studio Solution File, Format Version 12.00
# Visual Studio 14
VisualStudioVersion = 14.0.24720.0
MinimumVisualStudioVersion = 10.0.40219.1
Project("{FAE04EC0-301F-11D3-BF4B-00C04F79EFBC}") = "XamarinWorkshopLab2", "XamarinWorkshopLab2\XamarinWorkshopLab2\XamarinWorkshopLab2.csproj", "{5FE958F3-6C50-47F1-B169-6C3369584340}"
EndProject
Project("{FAE04EC0-301F-11D3-BF4B-00C04F79EFBC}") = "XamarinWorkshopLab2.Droid", "XamarinWorkshopLab2\XamarinWorkshopLab2.Droid\XamarinWorkshopLab2.Droid.csproj", "{434C232B-839E-4A82-A07D-B39DCB02DD9C}"
EndProject
Project("{FAE04EC0-301F-11D3-BF4B-00C04F79EFBC}") = "XamarinWorkshopLab2.iOS", "XamarinWorkshopLab2\XamarinWorkshopLab2.iOS\XamarinWorkshopLab2.iOS.csproj", "{9C14B16A-5D35-4EA5-8155-3C547610948A}"
EndProject
Project("{FAE04EC0-301F-11D3-BF4B-00C04F79EFBC}") = "XamarinWorkshopLab2.WinPhone", "XamarinWorkshopLab2\XamarinWorkshopLab2.WinPhone\XamarinWorkshopLab2.WinPhone.csproj", "{6084F08B-F5F2-4DF3-9C09-5DCBF0A8FDFE}"
EndProject
Global
	GlobalSection(SolutionConfigurationPlatforms) = preSolution
		AppStore|Any CPU = AppStore|Any CPU
		AppStore|ARM = AppStore|ARM
		AppStore|iPhone = AppStore|iPhone
		AppStore|iPhoneSimulator = AppStore|iPhoneSimulator
		AppStore|x86 = AppStore|x86
		Debug|Any CPU = Debug|Any CPU
		Debug|ARM = Debug|ARM
		Debug|iPhone = Debug|iPhone
		Debug|iPhoneSimulator = Debug|iPhoneSimulator
		Debug|x86 = Debug|x86
		Release|Any CPU = Release|Any CPU
		Release|ARM = Release|ARM
		Release|iPhone = Release|iPhone
		Release|iPhoneSimulator = Release|iPhoneSimulator
		Release|x86 = Release|x86
	EndGlobalSection
	GlobalSection(ProjectConfigurationPlatforms) = postSolution
		{5FE958F3-6C50-47F1-B169-6C3369584340}.AppStore|Any CPU.ActiveCfg = Release|Any CPU
		{5FE958F3-6C50-47F1-B169-6C3369584340}.AppStore|Any CPU.Build.0 = Release|Any CPU
		{5FE958F3-6C50-47F1-B169-6C3369584340}.AppStore|ARM.ActiveCfg = Release|Any CPU
		{5FE958F3-6C50-47F1-B169-6C3369584340}.AppStore|ARM.Build.0 = Release|Any CPU
		{5FE958F3-6C50-47F1-B169-6C3369584340}.AppStore|iPhone.ActiveCfg = Release|Any CPU
		{5FE958F3-6C50-47F1-B169-6C3369584340}.AppStore|iPhone.Build.0 = Release|Any CPU
		{5FE958F3-6C50-47F1-B169-6C3369584340}.AppStore|iPhoneSimulator.ActiveCfg = Release|Any CPU
		{5FE958F3-6C50-47F1-B169-6C3369584340}.AppStore|iPhoneSimulator.Build.0 = Release|Any CPU
		{5FE958F3-6C50-47F1-B169-6C3369584340}.AppStore|x86.ActiveCfg = Release|Any CPU
		{5FE958F3-6C50-47F1-B169-6C3369584340}.AppStore|x86.Build.0 = Release|Any CPU
		{5FE958F3-6C50-47F1-B169-6C3369584340}.Debug|Any CPU.ActiveCfg = Debug|Any CPU
		{5FE958F3-6C50-47F1-B169-6C3369584340}.Debug|Any CPU.Build.0 = Debug|Any CPU
		{5FE958F3-6C50-47F1-B169-6C3369584340}.Debug|ARM.ActiveCfg = Debug|Any CPU
		{5FE958F3-6C50-47F1-B169-6C3369584340}.Debug|ARM.Build.0 = Debug|Any CPU
		{5FE958F3-6C50-47F1-B169-6C3369584340}.Debug|iPhone.ActiveCfg = Debug|Any CPU
		{5FE958F3-6C50-47F1-B169-6C3369584340}.Debug|iPhone.Build.0 = Debug|Any CPU
		{5FE958F3-6C50-47F1-B169-6C3369584340}.Debug|iPhoneSimulator.ActiveCfg = Debug|Any CPU
		{5FE958F3-6C50-47F1-B169-6C3369584340}.Debug|iPhoneSimulator.Build.0 = Debug|Any CPU
		{5FE958F3-6C50-47F1-B169-6C3369584340}.Debug|x86.ActiveCfg = Debug|Any CPU
		{5FE958F3-6C50-47F1-B169-6C3369584340}.Debug|x86.Build.0 = Debug|Any CPU
		{5FE958F3-6C50-47F1-B169-6C3369584340}.Release|Any CPU.ActiveCfg = Release|Any CPU
		{5FE958F3-6C50-47F1-B169-6C3369584340}.Release|Any CPU.Build.0 = Release|Any CPU
		{5FE958F3-6C50-47F1-B169-6C3369584340}.Release|ARM.ActiveCfg = Release|Any CPU
		{5FE958F3-6C50-47F1-B169-6C3369584340}.Release|ARM.Build.0 = Release|Any CPU
		{5FE958F3-6C50-47F1-B169-6C3369584340}.Release|iPhone.ActiveCfg = Release|Any CPU
		{5FE958F3-6C50-47F1-B169-6C3369584340}.Release|iPhone.Build.0 = Release|Any CPU
		{5FE958F3-6C50-47F1-B169-6C3369584340}.Release|iPhoneSimulator.ActiveCfg = Release|Any CPU
		{5FE958F3-6C50-47F1-B169-6C3369584340}.Release|iPhoneSimulator.Build.0 = Release|Any CPU
		{5FE958F3-6C50-47F1-B169-6C3369584340}.Release|x86.ActiveCfg = Release|Any CPU
		{5FE958F3-6C50-47F1-B169-6C3369584340}.Release|x86.Build.0 = Release|Any CPU
		{434C232B-839E-4A82-A07D-B39DCB02DD9C}.AppStore|Any CPU.ActiveCfg = Release|Any CPU
		{434C232B-839E-4A82-A07D-B39DCB02DD9C}.AppStore|Any CPU.Build.0 = Release|Any CPU
		{434C232B-839E-4A82-A07D-B39DCB02DD9C}.AppStore|Any CPU.Deploy.0 = Release|Any CPU
		{434C232B-839E-4A82-A07D-B39DCB02DD9C}.AppStore|ARM.ActiveCfg = Release|Any CPU
		{434C232B-839E-4A82-A07D-B39DCB02DD9C}.AppStore|ARM.Build.0 = Release|Any CPU
		{434C232B-839E-4A82-A07D-B39DCB02DD9C}.AppStore|ARM.Deploy.0 = Release|Any CPU
		{434C232B-839E-4A82-A07D-B39DCB02DD9C}.AppStore|iPhone.ActiveCfg = Release|Any CPU
		{434C232B-839E-4A82-A07D-B39DCB02DD9C}.AppStore|iPhone.Build.0 = Release|Any CPU
		{434C232B-839E-4A82-A07D-B39DCB02DD9C}.AppStore|iPhone.Deploy.0 = Release|Any CPU
		{434C232B-839E-4A82-A07D-B39DCB02DD9C}.AppStore|iPhoneSimulator.ActiveCfg = Release|Any CPU
		{434C232B-839E-4A82-A07D-B39DCB02DD9C}.AppStore|iPhoneSimulator.Build.0 = Release|Any CPU
		{434C232B-839E-4A82-A07D-B39DCB02DD9C}.AppStore|iPhoneSimulator.Deploy.0 = Release|Any CPU
		{434C232B-839E-4A82-A07D-B39DCB02DD9C}.AppStore|x86.ActiveCfg = Release|Any CPU
		{434C232B-839E-4A82-A07D-B39DCB02DD9C}.AppStore|x86.Build.0 = Release|Any CPU
		{434C232B-839E-4A82-A07D-B39DCB02DD9C}.AppStore|x86.Deploy.0 = Release|Any CPU
		{434C232B-839E-4A82-A07D-B39DCB02DD9C}.Debug|Any CPU.ActiveCfg = Debug|Any CPU
		{434C232B-839E-4A82-A07D-B39DCB02DD9C}.Debug|Any CPU.Build.0 = Debug|Any CPU
		{434C232B-839E-4A82-A07D-B39DCB02DD9C}.Debug|Any CPU.Deploy.0 = Debug|Any CPU
		{434C232B-839E-4A82-A07D-B39DCB02DD9C}.Debug|ARM.ActiveCfg = Debug|Any CPU
		{434C232B-839E-4A82-A07D-B39DCB02DD9C}.Debug|ARM.Build.0 = Debug|Any CPU
		{434C232B-839E-4A82-A07D-B39DCB02DD9C}.Debug|ARM.Deploy.0 = Debug|Any CPU
		{434C232B-839E-4A82-A07D-B39DCB02DD9C}.Debug|iPhone.ActiveCfg = Debug|Any CPU
		{434C232B-839E-4A82-A07D-B39DCB02DD9C}.Debug|iPhone.Build.0 = Debug|Any CPU
		{434C232B-839E-4A82-A07D-B39DCB02DD9C}.Debug|iPhone.Deploy.0 = Debug|Any CPU
		{434C232B-839E-4A82-A07D-B39DCB02DD9C}.Debug|iPhoneSimulator.ActiveCfg = Debug|Any CPU
		{434C232B-839E-4A82-A07D-B39DCB02DD9C}.Debug|iPhoneSimulator.Build.0 = Debug|Any CPU
		{434C232B-839E-4A82-A07D-B39DCB02DD9C}.Debug|iPhoneSimulator.Deploy.0 = Debug|Any CPU
		{434C232B-839E-4A82-A07D-B39DCB02DD9C}.Debug|x86.ActiveCfg = Debug|Any CPU
		{434C232B-839E-4A82-A07D-B39DCB02DD9C}.Debug|x86.Build.0 = Debug|Any CPU
		{434C232B-839E-4A82-A07D-B39DCB02DD9C}.Debug|x86.Deploy.0 = Debug|Any CPU
		{434C232B-839E-4A82-A07D-B39DCB02DD9C}.Release|Any CPU.ActiveCfg = Release|Any CPU
		{434C232B-839E-4A82-A07D-B39DCB02DD9C}.Release|Any CPU.Build.0 = Release|Any CPU
		{434C232B-839E-4A82-A07D-B39DCB02DD9C}.Release|Any CPU.Deploy.0 = Release|Any CPU
		{434C232B-839E-4A82-A07D-B39DCB02DD9C}.Release|ARM.ActiveCfg = Release|Any CPU
		{434C232B-839E-4A82-A07D-B39DCB02DD9C}.Release|ARM.Build.0 = Release|Any CPU
		{434C232B-839E-4A82-A07D-B39DCB02DD9C}.Release|ARM.Deploy.0 = Release|Any CPU
		{434C232B-839E-4A82-A07D-B39DCB02DD9C}.Release|iPhone.ActiveCfg = Release|Any CPU
		{434C232B-839E-4A82-A07D-B39DCB02DD9C}.Release|iPhone.Build.0 = Release|Any CPU
		{434C232B-839E-4A82-A07D-B39DCB02DD9C}.Release|iPhone.Deploy.0 = Release|Any CPU
		{434C232B-839E-4A82-A07D-B39DCB02DD9C}.Release|iPhoneSimulator.ActiveCfg = Release|Any CPU
		{434C232B-839E-4A82-A07D-B39DCB02DD9C}.Release|iPhoneSimulator.Build.0 = Release|Any CPU
		{434C232B-839E-4A82-A07D-B39DCB02DD9C}.Release|iPhoneSimulator.Deploy.0 = Release|Any CPU
		{434C232B-839E-4A82-A07D-B39DCB02DD9C}.Release|x86.ActiveCfg = Release|Any CPU
		{434C232B-839E-4A82-A07D-B39DCB02DD9C}.Release|x86.Build.0 = Release|Any CPU
		{434C232B-839E-4A82-A07D-B39DCB02DD9C}.Release|x86.Deploy.0 = Release|Any CPU
		{9C14B16A-5D35-4EA5-8155-3C547610948A}.AppStore|Any CPU.ActiveCfg = AppStore|iPhone
		{9C14B16A-5D35-4EA5-8155-3C547610948A}.AppStore|ARM.ActiveCfg = AppStore|iPhone
		{9C14B16A-5D35-4EA5-8155-3C547610948A}.AppStore|iPhone.ActiveCfg = AppStore|iPhone
		{9C14B16A-5D35-4EA5-8155-3C547610948A}.AppStore|iPhone.Build.0 = AppStore|iPhone
		{9C14B16A-5D35-4EA5-8155-3C547610948A}.AppStore|iPhoneSimulator.ActiveCfg = AppStore|iPhoneSimulator
		{9C14B16A-5D35-4EA5-8155-3C547610948A}.AppStore|iPhoneSimulator.Build.0 = AppStore|iPhoneSimulator
		{9C14B16A-5D35-4EA5-8155-3C547610948A}.AppStore|x86.ActiveCfg = AppStore|iPhone
		{9C14B16A-5D35-4EA5-8155-3C547610948A}.Debug|Any CPU.ActiveCfg = Debug|iPhone
		{9C14B16A-5D35-4EA5-8155-3C547610948A}.Debug|ARM.ActiveCfg = Debug|iPhone
		{9C14B16A-5D35-4EA5-8155-3C547610948A}.Debug|iPhone.ActiveCfg = Debug|iPhone
		{9C14B16A-5D35-4EA5-8155-3C547610948A}.Debug|iPhone.Build.0 = Debug|iPhone
		{9C14B16A-5D35-4EA5-8155-3C547610948A}.Debug|iPhoneSimulator.ActiveCfg = Debug|iPhoneSimulator
		{9C14B16A-5D35-4EA5-8155-3C547610948A}.Debug|iPhoneSimulator.Build.0 = Debug|iPhoneSimulator
		{9C14B16A-5D35-4EA5-8155-3C547610948A}.Debug|x86.ActiveCfg = Debug|iPhone
		{9C14B16A-5D35-4EA5-8155-3C547610948A}.Release|Any CPU.ActiveCfg = Release|iPhone
		{9C14B16A-5D35-4EA5-8155-3C547610948A}.Release|ARM.ActiveCfg = Release|iPhone
		{9C14B16A-5D35-4EA5-8155-3C547610948A}.Release|iPhone.ActiveCfg = Release|iPhone
		{9C14B16A-5D35-4EA5-8155-3C547610948A}.Release|iPhone.Build.0 = Release|iPhone
		{9C14B16A-5D35-4EA5-8155-3C547610948A}.Release|iPhoneSimulator.ActiveCfg = Release|iPhoneSimulator
		{9C14B16A-5D35-4EA5-8155-3C547610948A}.Release|iPhoneSimulator.Build.0 = Release|iPhoneSimulator
		{9C14B16A-5D35-4EA5-8155-3C547610948A}.Release|x86.ActiveCfg = Release|iPhone
		{6084F08B-F5F2-4DF3-9C09-5DCBF0A8FDFE}.AppStore|Any CPU.ActiveCfg = Release|Any CPU
		{6084F08B-F5F2-4DF3-9C09-5DCBF0A8FDFE}.AppStore|Any CPU.Build.0 = Release|Any CPU
		{6084F08B-F5F2-4DF3-9C09-5DCBF0A8FDFE}.AppStore|Any CPU.Deploy.0 = Release|Any CPU
		{6084F08B-F5F2-4DF3-9C09-5DCBF0A8FDFE}.AppStore|ARM.ActiveCfg = Release|ARM
		{6084F08B-F5F2-4DF3-9C09-5DCBF0A8FDFE}.AppStore|ARM.Build.0 = Release|ARM
		{6084F08B-F5F2-4DF3-9C09-5DCBF0A8FDFE}.AppStore|ARM.Deploy.0 = Release|ARM
		{6084F08B-F5F2-4DF3-9C09-5DCBF0A8FDFE}.AppStore|iPhone.ActiveCfg = Release|Any CPU
		{6084F08B-F5F2-4DF3-9C09-5DCBF0A8FDFE}.AppStore|iPhone.Build.0 = Release|Any CPU
		{6084F08B-F5F2-4DF3-9C09-5DCBF0A8FDFE}.AppStore|iPhone.Deploy.0 = Release|Any CPU
		{6084F08B-F5F2-4DF3-9C09-5DCBF0A8FDFE}.AppStore|iPhoneSimulator.ActiveCfg = Release|Any CPU
		{6084F08B-F5F2-4DF3-9C09-5DCBF0A8FDFE}.AppStore|iPhoneSimulator.Build.0 = Release|Any CPU
		{6084F08B-F5F2-4DF3-9C09-5DCBF0A8FDFE}.AppStore|iPhoneSimulator.Deploy.0 = Release|Any CPU
		{6084F08B-F5F2-4DF3-9C09-5DCBF0A8FDFE}.AppStore|x86.ActiveCfg = Release|x86
		{6084F08B-F5F2-4DF3-9C09-5DCBF0A8FDFE}.AppStore|x86.Build.0 = Release|x86
		{6084F08B-F5F2-4DF3-9C09-5DCBF0A8FDFE}.AppStore|x86.Deploy.0 = Release|x86
		{6084F08B-F5F2-4DF3-9C09-5DCBF0A8FDFE}.Debug|Any CPU.ActiveCfg = Debug|Any CPU
		{6084F08B-F5F2-4DF3-9C09-5DCBF0A8FDFE}.Debug|Any CPU.Build.0 = Debug|Any CPU
		{6084F08B-F5F2-4DF3-9C09-5DCBF0A8FDFE}.Debug|Any CPU.Deploy.0 = Debug|Any CPU
		{6084F08B-F5F2-4DF3-9C09-5DCBF0A8FDFE}.Debug|ARM.ActiveCfg = Debug|ARM
		{6084F08B-F5F2-4DF3-9C09-5DCBF0A8FDFE}.Debug|ARM.Build.0 = Debug|ARM
		{6084F08B-F5F2-4DF3-9C09-5DCBF0A8FDFE}.Debug|ARM.Deploy.0 = Debug|ARM
		{6084F08B-F5F2-4DF3-9C09-5DCBF0A8FDFE}.Debug|iPhone.ActiveCfg = Debug|Any CPU
		{6084F08B-F5F2-4DF3-9C09-5DCBF0A8FDFE}.Debug|iPhone.Build.0 = Debug|Any CPU
		{6084F08B-F5F2-4DF3-9C09-5DCBF0A8FDFE}.Debug|iPhone.Deploy.0 = Debug|Any CPU
		{6084F08B-F5F2-4DF3-9C09-5DCBF0A8FDFE}.Debug|iPhoneSimulator.ActiveCfg = Debug|Any CPU
		{6084F08B-F5F2-4DF3-9C09-5DCBF0A8FDFE}.Debug|iPhoneSimulator.Build.0 = Debug|Any CPU
		{6084F08B-F5F2-4DF3-9C09-5DCBF0A8FDFE}.Debug|iPhoneSimulator.Deploy.0 = Debug|Any CPU
		{6084F08B-F5F2-4DF3-9C09-5DCBF0A8FDFE}.Debug|x86.ActiveCfg = Debug|x86
		{6084F08B-F5F2-4DF3-9C09-5DCBF0A8FDFE}.Debug|x86.Build.0 = Debug|x86
		{6084F08B-F5F2-4DF3-9C09-5DCBF0A8FDFE}.Debug|x86.Deploy.0 = Debug|x86
		{6084F08B-F5F2-4DF3-9C09-5DCBF0A8FDFE}.Release|Any CPU.ActiveCfg = Release|Any CPU
		{6084F08B-F5F2-4DF3-9C09-5DCBF0A8FDFE}.Release|Any CPU.Build.0 = Release|Any CPU
		{6084F08B-F5F2-4DF3-9C09-5DCBF0A8FDFE}.Release|Any CPU.Deploy.0 = Release|Any CPU
		{6084F08B-F5F2-4DF3-9C09-5DCBF0A8FDFE}.Release|ARM.ActiveCfg = Release|ARM
		{6084F08B-F5F2-4DF3-9C09-5DCBF0A8FDFE}.Release|ARM.Build.0 = Release|ARM
		{6084F08B-F5F2-4DF3-9C09-5DCBF0A8FDFE}.Release|ARM.Deploy.0 = Release|ARM
		{6084F08B-F5F2-4DF3-9C09-5DCBF0A8FDFE}.Release|iPhone.ActiveCfg = Release|Any CPU
		{6084F08B-F5F2-4DF3-9C09-5DCBF0A8FDFE}.Release|iPhone.Build.0 = Release|Any CPU
		{6084F08B-F5F2-4DF3-9C09-5DCBF0A8FDFE}.Release|iPhone.Deploy.0 = Release|Any CPU
		{6084F08B-F5F2-4DF3-9C09-5DCBF0A8FDFE}.Release|iPhoneSimulator.ActiveCfg = Release|Any CPU
		{6084F08B-F5F2-4DF3-9C09-5DCBF0A8FDFE}.Release|iPhoneSimulator.Build.0 = Release|Any CPU
		{6084F08B-F5F2-4DF3-9C09-5DCBF0A8FDFE}.Release|iPhoneSimulator.Deploy.0 = Release|Any CPU
		{6084F08B-F5F2-4DF3-9C09-5DCBF0A8FDFE}.Release|x86.ActiveCfg = Release|x86
		{6084F08B-F5F2-4DF3-9C09-5DCBF0A8FDFE}.Release|x86.Build.0 = Release|x86
		{6084F08B-F5F2-4DF3-9C09-5DCBF0A8FDFE}.Release|x86.Deploy.0 = Release|x86
	EndGlobalSection
	GlobalSection(SolutionProperties) = preSolution
		HideSolutionNode = FALSE
	EndGlobalSection
EndGlobal
