
Microsoft Visual Studio Solution File, Format Version 12.00
# Visual Studio 14
VisualStudioVersion = 14.0.24720.0
MinimumVisualStudioVersion = 10.0.40219.1
Project("{FAE04EC0-301F-11D3-BF4B-00C04F79EFBC}") = "XamarinWorkshopLab3.Droid", "XamarinWorkshopLab3\XamarinWorkshopLab3.Droid\XamarinWorkshopLab3.Droid.csproj", "{9D33EB27-8AF6-4E5A-9F28-C51FF0993229}"
EndProject
Project("{FAE04EC0-301F-11D3-BF4B-00C04F79EFBC}") = "XamarinWorkshopLab3.iOS", "XamarinWorkshopLab3\XamarinWorkshopLab3.iOS\XamarinWorkshopLab3.iOS.csproj", "{55E281DE-411C-42B0-813A-BC59F75681DD}"
EndProject
Project("{FAE04EC0-301F-11D3-BF4B-00C04F79EFBC}") = "XamarinWorkshopLab3.WinPhone", "XamarinWorkshopLab3\XamarinWorkshopLab3.WinPhone\XamarinWorkshopLab3.WinPhone.csproj", "{CACA8BC3-0AC6-4A82-9B00-7B999234E6BD}"
EndProject
Project("{FAE04EC0-301F-11D3-BF4B-00C04F79EFBC}") = "XamarinWorkshopLab3.UWP", "XamarinWorkshopLab3\XamarinWorkshopLab3.UWP\XamarinWorkshopLab3.UWP.csproj", "{D7DF952D-21B1-4410-B8EB-0BB8572C0DE1}"
EndProject
Project("{FAE04EC0-301F-11D3-BF4B-00C04F79EFBC}") = "XamarinWorkshopLab3.Windows", "XamarinWorkshopLab3\XamarinWorkshopLab3.Windows\XamarinWorkshopLab3.Windows.csproj", "{C41D4D13-F721-4AAD-A4A0-477F1BF08029}"
EndProject
Project("{D954291E-2A0B-460D-934E-DC6B0785DB48}") = "XamarinWorkshopLab3", "XamarinWorkshopLab3\XamarinWorkshopLab3\XamarinWorkshopLab3.shproj", "{2601F877-42C3-44CB-B17B-F76E019873B9}"
EndProject
Global
	GlobalSection(SharedMSBuildProjectFiles) = preSolution
		XamarinWorkshopLab3\XamarinWorkshopLab3\XamarinWorkshopLab3.projitems*{2601f877-42c3-44cb-b17b-f76e019873b9}*SharedItemsImports = 13
		XamarinWorkshopLab3\XamarinWorkshopLab3\XamarinWorkshopLab3.projitems*{55e281de-411c-42b0-813a-bc59f75681dd}*SharedItemsImports = 4
		XamarinWorkshopLab3\XamarinWorkshopLab3\XamarinWorkshopLab3.projitems*{caca8bc3-0ac6-4a82-9b00-7b999234e6bd}*SharedItemsImports = 4
		XamarinWorkshopLab3\XamarinWorkshopLab3\XamarinWorkshopLab3.projitems*{9d33eb27-8af6-4e5a-9f28-c51ff0993229}*SharedItemsImports = 4
		XamarinWorkshopLab3\XamarinWorkshopLab3\XamarinWorkshopLab3.projitems*{d7df952d-21b1-4410-b8eb-0bb8572c0de1}*SharedItemsImports = 4
		XamarinWorkshopLab3\XamarinWorkshopLab3\XamarinWorkshopLab3.projitems*{c41d4d13-f721-4aad-a4a0-477f1bf08029}*SharedItemsImports = 4
	EndGlobalSection
	GlobalSection(SolutionConfigurationPlatforms) = preSolution
		Ad-Hoc|Any CPU = Ad-Hoc|Any CPU
		Ad-Hoc|ARM = Ad-Hoc|ARM
		Ad-Hoc|iPhone = Ad-Hoc|iPhone
		Ad-Hoc|iPhoneSimulator = Ad-Hoc|iPhoneSimulator
		Ad-Hoc|x64 = Ad-Hoc|x64
		Ad-Hoc|x86 = Ad-Hoc|x86
		AppStore|Any CPU = AppStore|Any CPU
		AppStore|ARM = AppStore|ARM
		AppStore|iPhone = AppStore|iPhone
		AppStore|iPhoneSimulator = AppStore|iPhoneSimulator
		AppStore|x64 = AppStore|x64
		AppStore|x86 = AppStore|x86
		Debug|Any CPU = Debug|Any CPU
		Debug|ARM = Debug|ARM
		Debug|iPhone = Debug|iPhone
		Debug|iPhoneSimulator = Debug|iPhoneSimulator
		Debug|x64 = Debug|x64
		Debug|x86 = Debug|x86
		Release|Any CPU = Release|Any CPU
		Release|ARM = Release|ARM
		Release|iPhone = Release|iPhone
		Release|iPhoneSimulator = Release|iPhoneSimulator
		Release|x64 = Release|x64
		Release|x86 = Release|x86
	EndGlobalSection
	GlobalSection(ProjectConfigurationPlatforms) = postSolution
		{9D33EB27-8AF6-4E5A-9F28-C51FF0993229}.Ad-Hoc|Any CPU.ActiveCfg = Release|Any CPU
		{9D33EB27-8AF6-4E5A-9F28-C51FF0993229}.Ad-Hoc|Any CPU.Build.0 = Release|Any CPU
		{9D33EB27-8AF6-4E5A-9F28-C51FF0993229}.Ad-Hoc|Any CPU.Deploy.0 = Release|Any CPU
		{9D33EB27-8AF6-4E5A-9F28-C51FF0993229}.Ad-Hoc|ARM.ActiveCfg = Release|Any CPU
		{9D33EB27-8AF6-4E5A-9F28-C51FF0993229}.Ad-Hoc|ARM.Build.0 = Release|Any CPU
		{9D33EB27-8AF6-4E5A-9F28-C51FF0993229}.Ad-Hoc|ARM.Deploy.0 = Release|Any CPU
		{9D33EB27-8AF6-4E5A-9F28-C51FF0993229}.Ad-Hoc|iPhone.ActiveCfg = Release|Any CPU
		{9D33EB27-8AF6-4E5A-9F28-C51FF0993229}.Ad-Hoc|iPhone.Build.0 = Release|Any CPU
		{9D33EB27-8AF6-4E5A-9F28-C51FF0993229}.Ad-Hoc|iPhone.Deploy.0 = Release|Any CPU
		{9D33EB27-8AF6-4E5A-9F28-C51FF0993229}.Ad-Hoc|iPhoneSimulator.ActiveCfg = Release|Any CPU
		{9D33EB27-8AF6-4E5A-9F28-C51FF0993229}.Ad-Hoc|iPhoneSimulator.Build.0 = Release|Any CPU
		{9D33EB27-8AF6-4E5A-9F28-C51FF0993229}.Ad-Hoc|iPhoneSimulator.Deploy.0 = Release|Any CPU
		{9D33EB27-8AF6-4E5A-9F28-C51FF0993229}.Ad-Hoc|x64.ActiveCfg = Release|Any CPU
		{9D33EB27-8AF6-4E5A-9F28-C51FF0993229}.Ad-Hoc|x64.Build.0 = Release|Any CPU
		{9D33EB27-8AF6-4E5A-9F28-C51FF0993229}.Ad-Hoc|x64.Deploy.0 = Release|Any CPU
		{9D33EB27-8AF6-4E5A-9F28-C51FF0993229}.Ad-Hoc|x86.ActiveCfg = Release|Any CPU
		{9D33EB27-8AF6-4E5A-9F28-C51FF0993229}.Ad-Hoc|x86.Build.0 = Release|Any CPU
		{9D33EB27-8AF6-4E5A-9F28-C51FF0993229}.Ad-Hoc|x86.Deploy.0 = Release|Any CPU
		{9D33EB27-8AF6-4E5A-9F28-C51FF0993229}.AppStore|Any CPU.ActiveCfg = Release|Any CPU
		{9D33EB27-8AF6-4E5A-9F28-C51FF0993229}.AppStore|Any CPU.Build.0 = Release|Any CPU
		{9D33EB27-8AF6-4E5A-9F28-C51FF0993229}.AppStore|Any CPU.Deploy.0 = Release|Any CPU
		{9D33EB27-8AF6-4E5A-9F28-C51FF0993229}.AppStore|ARM.ActiveCfg = Release|Any CPU
		{9D33EB27-8AF6-4E5A-9F28-C51FF0993229}.AppStore|ARM.Build.0 = Release|Any CPU
		{9D33EB27-8AF6-4E5A-9F28-C51FF0993229}.AppStore|ARM.Deploy.0 = Release|Any CPU
		{9D33EB27-8AF6-4E5A-9F28-C51FF0993229}.AppStore|iPhone.ActiveCfg = Release|Any CPU
		{9D33EB27-8AF6-4E5A-9F28-C51FF0993229}.AppStore|iPhone.Build.0 = Release|Any CPU
		{9D33EB27-8AF6-4E5A-9F28-C51FF0993229}.AppStore|iPhone.Deploy.0 = Release|Any CPU
		{9D33EB27-8AF6-4E5A-9F28-C51FF0993229}.AppStore|iPhoneSimulator.ActiveCfg = Release|Any CPU
		{9D33EB27-8AF6-4E5A-9F28-C51FF0993229}.AppStore|iPhoneSimulator.Build.0 = Release|Any CPU
		{9D33EB27-8AF6-4E5A-9F28-C51FF0993229}.AppStore|iPhoneSimulator.Deploy.0 = Release|Any CPU
		{9D33EB27-8AF6-4E5A-9F28-C51FF0993229}.AppStore|x64.ActiveCfg = Release|Any CPU
		{9D33EB27-8AF6-4E5A-9F28-C51FF0993229}.AppStore|x64.Build.0 = Release|Any CPU
		{9D33EB27-8AF6-4E5A-9F28-C51FF0993229}.AppStore|x64.Deploy.0 = Release|Any CPU
		{9D33EB27-8AF6-4E5A-9F28-C51FF0993229}.AppStore|x86.ActiveCfg = Release|Any CPU
		{9D33EB27-8AF6-4E5A-9F28-C51FF0993229}.AppStore|x86.Build.0 = Release|Any CPU
		{9D33EB27-8AF6-4E5A-9F28-C51FF0993229}.AppStore|x86.Deploy.0 = Release|Any CPU
		{9D33EB27-8AF6-4E5A-9F28-C51FF0993229}.Debug|Any CPU.ActiveCfg = Debug|Any CPU
		{9D33EB27-8AF6-4E5A-9F28-C51FF0993229}.Debug|Any CPU.Build.0 = Debug|Any CPU
		{9D33EB27-8AF6-4E5A-9F28-C51FF0993229}.Debug|Any CPU.Deploy.0 = Debug|Any CPU
		{9D33EB27-8AF6-4E5A-9F28-C51FF0993229}.Debug|ARM.ActiveCfg = Debug|Any CPU
		{9D33EB27-8AF6-4E5A-9F28-C51FF0993229}.Debug|ARM.Build.0 = Debug|Any CPU
		{9D33EB27-8AF6-4E5A-9F28-C51FF0993229}.Debug|ARM.Deploy.0 = Debug|Any CPU
		{9D33EB27-8AF6-4E5A-9F28-C51FF0993229}.Debug|iPhone.ActiveCfg = Debug|Any CPU
		{9D33EB27-8AF6-4E5A-9F28-C51FF0993229}.Debug|iPhone.Build.0 = Debug|Any CPU
		{9D33EB27-8AF6-4E5A-9F28-C51FF0993229}.Debug|iPhone.Deploy.0 = Debug|Any CPU
		{9D33EB27-8AF6-4E5A-9F28-C51FF0993229}.Debug|iPhoneSimulator.ActiveCfg = Debug|Any CPU
		{9D33EB27-8AF6-4E5A-9F28-C51FF0993229}.Debug|iPhoneSimulator.Build.0 = Debug|Any CPU
		{9D33EB27-8AF6-4E5A-9F28-C51FF0993229}.Debug|iPhoneSimulator.Deploy.0 = Debug|Any CPU
		{9D33EB27-8AF6-4E5A-9F28-C51FF0993229}.Debug|x64.ActiveCfg = Debug|Any CPU
		{9D33EB27-8AF6-4E5A-9F28-C51FF0993229}.Debug|x64.Build.0 = Debug|Any CPU
		{9D33EB27-8AF6-4E5A-9F28-C51FF0993229}.Debug|x64.Deploy.0 = Debug|Any CPU
		{9D33EB27-8AF6-4E5A-9F28-C51FF0993229}.Debug|x86.ActiveCfg = Debug|Any CPU
		{9D33EB27-8AF6-4E5A-9F28-C51FF0993229}.Debug|x86.Build.0 = Debug|Any CPU
		{9D33EB27-8AF6-4E5A-9F28-C51FF0993229}.Debug|x86.Deploy.0 = Debug|Any CPU
		{9D33EB27-8AF6-4E5A-9F28-C51FF0993229}.Release|Any CPU.ActiveCfg = Release|Any CPU
		{9D33EB27-8AF6-4E5A-9F28-C51FF0993229}.Release|Any CPU.Build.0 = Release|Any CPU
		{9D33EB27-8AF6-4E5A-9F28-C51FF0993229}.Release|Any CPU.Deploy.0 = Release|Any CPU
		{9D33EB27-8AF6-4E5A-9F28-C51FF0993229}.Release|ARM.ActiveCfg = Release|Any CPU
		{9D33EB27-8AF6-4E5A-9F28-C51FF0993229}.Release|ARM.Build.0 = Release|Any CPU
		{9D33EB27-8AF6-4E5A-9F28-C51FF0993229}.Release|ARM.Deploy.0 = Release|Any CPU
		{9D33EB27-8AF6-4E5A-9F28-C51FF0993229}.Release|iPhone.ActiveCfg = Release|Any CPU
		{9D33EB27-8AF6-4E5A-9F28-C51FF0993229}.Release|iPhone.Build.0 = Release|Any CPU
		{9D33EB27-8AF6-4E5A-9F28-C51FF0993229}.Release|iPhone.Deploy.0 = Release|Any CPU
		{9D33EB27-8AF6-4E5A-9F28-C51FF0993229}.Release|iPhoneSimulator.ActiveCfg = Release|Any CPU
		{9D33EB27-8AF6-4E5A-9F28-C51FF0993229}.Release|iPhoneSimulator.Build.0 = Release|Any CPU
		{9D33EB27-8AF6-4E5A-9F28-C51FF0993229}.Release|iPhoneSimulator.Deploy.0 = Release|Any CPU
		{9D33EB27-8AF6-4E5A-9F28-C51FF0993229}.Release|x64.ActiveCfg = Release|Any CPU
		{9D33EB27-8AF6-4E5A-9F28-C51FF0993229}.Release|x64.Build.0 = Release|Any CPU
		{9D33EB27-8AF6-4E5A-9F28-C51FF0993229}.Release|x64.Deploy.0 = Release|Any CPU
		{9D33EB27-8AF6-4E5A-9F28-C51FF0993229}.Release|x86.ActiveCfg = Release|Any CPU
		{9D33EB27-8AF6-4E5A-9F28-C51FF0993229}.Release|x86.Build.0 = Release|Any CPU
		{9D33EB27-8AF6-4E5A-9F28-C51FF0993229}.Release|x86.Deploy.0 = Release|Any CPU
		{55E281DE-411C-42B0-813A-BC59F75681DD}.Ad-Hoc|Any CPU.ActiveCfg = Ad-Hoc|iPhone
		{55E281DE-411C-42B0-813A-BC59F75681DD}.Ad-Hoc|ARM.ActiveCfg = Ad-Hoc|iPhone
		{55E281DE-411C-42B0-813A-BC59F75681DD}.Ad-Hoc|iPhone.ActiveCfg = Ad-Hoc|iPhone
		{55E281DE-411C-42B0-813A-BC59F75681DD}.Ad-Hoc|iPhone.Build.0 = Ad-Hoc|iPhone
		{55E281DE-411C-42B0-813A-BC59F75681DD}.Ad-Hoc|iPhoneSimulator.ActiveCfg = Ad-Hoc|iPhoneSimulator
		{55E281DE-411C-42B0-813A-BC59F75681DD}.Ad-Hoc|iPhoneSimulator.Build.0 = Ad-Hoc|iPhoneSimulator
		{55E281DE-411C-42B0-813A-BC59F75681DD}.Ad-Hoc|x64.ActiveCfg = Ad-Hoc|iPhone
		{55E281DE-411C-42B0-813A-BC59F75681DD}.Ad-Hoc|x86.ActiveCfg = Ad-Hoc|iPhone
		{55E281DE-411C-42B0-813A-BC59F75681DD}.AppStore|Any CPU.ActiveCfg = AppStore|iPhone
		{55E281DE-411C-42B0-813A-BC59F75681DD}.AppStore|ARM.ActiveCfg = AppStore|iPhone
		{55E281DE-411C-42B0-813A-BC59F75681DD}.AppStore|iPhone.ActiveCfg = AppStore|iPhone
		{55E281DE-411C-42B0-813A-BC59F75681DD}.AppStore|iPhone.Build.0 = AppStore|iPhone
		{55E281DE-411C-42B0-813A-BC59F75681DD}.AppStore|iPhoneSimulator.ActiveCfg = AppStore|iPhoneSimulator
		{55E281DE-411C-42B0-813A-BC59F75681DD}.AppStore|iPhoneSimulator.Build.0 = AppStore|iPhoneSimulator
		{55E281DE-411C-42B0-813A-BC59F75681DD}.AppStore|x64.ActiveCfg = AppStore|iPhone
		{55E281DE-411C-42B0-813A-BC59F75681DD}.AppStore|x86.ActiveCfg = AppStore|iPhone
		{55E281DE-411C-42B0-813A-BC59F75681DD}.Debug|Any CPU.ActiveCfg = Debug|iPhone
		{55E281DE-411C-42B0-813A-BC59F75681DD}.Debug|ARM.ActiveCfg = Debug|iPhone
		{55E281DE-411C-42B0-813A-BC59F75681DD}.Debug|iPhone.ActiveCfg = Debug|iPhone
		{55E281DE-411C-42B0-813A-BC59F75681DD}.Debug|iPhone.Build.0 = Debug|iPhone
		{55E281DE-411C-42B0-813A-BC59F75681DD}.Debug|iPhoneSimulator.ActiveCfg = Debug|iPhoneSimulator
		{55E281DE-411C-42B0-813A-BC59F75681DD}.Debug|iPhoneSimulator.Build.0 = Debug|iPhoneSimulator
		{55E281DE-411C-42B0-813A-BC59F75681DD}.Debug|x64.ActiveCfg = Debug|iPhone
		{55E281DE-411C-42B0-813A-BC59F75681DD}.Debug|x86.ActiveCfg = Debug|iPhone
		{55E281DE-411C-42B0-813A-BC59F75681DD}.Release|Any CPU.ActiveCfg = Release|iPhone
		{55E281DE-411C-42B0-813A-BC59F75681DD}.Release|ARM.ActiveCfg = Release|iPhone
		{55E281DE-411C-42B0-813A-BC59F75681DD}.Release|iPhone.ActiveCfg = Release|iPhone
		{55E281DE-411C-42B0-813A-BC59F75681DD}.Release|iPhone.Build.0 = Release|iPhone
		{55E281DE-411C-42B0-813A-BC59F75681DD}.Release|iPhoneSimulator.ActiveCfg = Release|iPhoneSimulator
		{55E281DE-411C-42B0-813A-BC59F75681DD}.Release|iPhoneSimulator.Build.0 = Release|iPhoneSimulator
		{55E281DE-411C-42B0-813A-BC59F75681DD}.Release|x64.ActiveCfg = Release|iPhone
		{55E281DE-411C-42B0-813A-BC59F75681DD}.Release|x86.ActiveCfg = Release|iPhone
		{CACA8BC3-0AC6-4A82-9B00-7B999234E6BD}.Ad-Hoc|Any CPU.ActiveCfg = Release|Any CPU
		{CACA8BC3-0AC6-4A82-9B00-7B999234E6BD}.Ad-Hoc|Any CPU.Build.0 = Release|Any CPU
		{CACA8BC3-0AC6-4A82-9B00-7B999234E6BD}.Ad-Hoc|Any CPU.Deploy.0 = Release|Any CPU
		{CACA8BC3-0AC6-4A82-9B00-7B999234E6BD}.Ad-Hoc|ARM.ActiveCfg = Release|ARM
		{CACA8BC3-0AC6-4A82-9B00-7B999234E6BD}.Ad-Hoc|ARM.Build.0 = Release|ARM
		{CACA8BC3-0AC6-4A82-9B00-7B999234E6BD}.Ad-Hoc|ARM.Deploy.0 = Release|ARM
		{CACA8BC3-0AC6-4A82-9B00-7B999234E6BD}.Ad-Hoc|iPhone.ActiveCfg = Release|Any CPU
		{CACA8BC3-0AC6-4A82-9B00-7B999234E6BD}.Ad-Hoc|iPhone.Build.0 = Release|Any CPU
		{CACA8BC3-0AC6-4A82-9B00-7B999234E6BD}.Ad-Hoc|iPhone.Deploy.0 = Release|Any CPU
		{CACA8BC3-0AC6-4A82-9B00-7B999234E6BD}.Ad-Hoc|iPhoneSimulator.ActiveCfg = Release|Any CPU
		{CACA8BC3-0AC6-4A82-9B00-7B999234E6BD}.Ad-Hoc|iPhoneSimulator.Build.0 = Release|Any CPU
		{CACA8BC3-0AC6-4A82-9B00-7B999234E6BD}.Ad-Hoc|iPhoneSimulator.Deploy.0 = Release|Any CPU
		{CACA8BC3-0AC6-4A82-9B00-7B999234E6BD}.Ad-Hoc|x64.ActiveCfg = Release|Any CPU
		{CACA8BC3-0AC6-4A82-9B00-7B999234E6BD}.Ad-Hoc|x64.Build.0 = Release|Any CPU
		{CACA8BC3-0AC6-4A82-9B00-7B999234E6BD}.Ad-Hoc|x64.Deploy.0 = Release|Any CPU
		{CACA8BC3-0AC6-4A82-9B00-7B999234E6BD}.Ad-Hoc|x86.ActiveCfg = Release|x86
		{CACA8BC3-0AC6-4A82-9B00-7B999234E6BD}.Ad-Hoc|x86.Build.0 = Release|x86
		{CACA8BC3-0AC6-4A82-9B00-7B999234E6BD}.Ad-Hoc|x86.Deploy.0 = Release|x86
		{CACA8BC3-0AC6-4A82-9B00-7B999234E6BD}.AppStore|Any CPU.ActiveCfg = Release|Any CPU
		{CACA8BC3-0AC6-4A82-9B00-7B999234E6BD}.AppStore|Any CPU.Build.0 = Release|Any CPU
		{CACA8BC3-0AC6-4A82-9B00-7B999234E6BD}.AppStore|Any CPU.Deploy.0 = Release|Any CPU
		{CACA8BC3-0AC6-4A82-9B00-7B999234E6BD}.AppStore|ARM.ActiveCfg = Release|ARM
		{CACA8BC3-0AC6-4A82-9B00-7B999234E6BD}.AppStore|ARM.Build.0 = Release|ARM
		{CACA8BC3-0AC6-4A82-9B00-7B999234E6BD}.AppStore|ARM.Deploy.0 = Release|ARM
		{CACA8BC3-0AC6-4A82-9B00-7B999234E6BD}.AppStore|iPhone.ActiveCfg = Release|Any CPU
		{CACA8BC3-0AC6-4A82-9B00-7B999234E6BD}.AppStore|iPhone.Build.0 = Release|Any CPU
		{CACA8BC3-0AC6-4A82-9B00-7B999234E6BD}.AppStore|iPhone.Deploy.0 = Release|Any CPU
		{CACA8BC3-0AC6-4A82-9B00-7B999234E6BD}.AppStore|iPhoneSimulator.ActiveCfg = Release|Any CPU
		{CACA8BC3-0AC6-4A82-9B00-7B999234E6BD}.AppStore|iPhoneSimulator.Build.0 = Release|Any CPU
		{CACA8BC3-0AC6-4A82-9B00-7B999234E6BD}.AppStore|iPhoneSimulator.Deploy.0 = Release|Any CPU
		{CACA8BC3-0AC6-4A82-9B00-7B999234E6BD}.AppStore|x64.ActiveCfg = Release|Any CPU
		{CACA8BC3-0AC6-4A82-9B00-7B999234E6BD}.AppStore|x64.Build.0 = Release|Any CPU
		{CACA8BC3-0AC6-4A82-9B00-7B999234E6BD}.AppStore|x64.Deploy.0 = Release|Any CPU
		{CACA8BC3-0AC6-4A82-9B00-7B999234E6BD}.AppStore|x86.ActiveCfg = Release|x86
		{CACA8BC3-0AC6-4A82-9B00-7B999234E6BD}.AppStore|x86.Build.0 = Release|x86
		{CACA8BC3-0AC6-4A82-9B00-7B999234E6BD}.AppStore|x86.Deploy.0 = Release|x86
		{CACA8BC3-0AC6-4A82-9B00-7B999234E6BD}.Debug|Any CPU.ActiveCfg = Debug|Any CPU
		{CACA8BC3-0AC6-4A82-9B00-7B999234E6BD}.Debug|Any CPU.Build.0 = Debug|Any CPU
		{CACA8BC3-0AC6-4A82-9B00-7B999234E6BD}.Debug|Any CPU.Deploy.0 = Debug|Any CPU
		{CACA8BC3-0AC6-4A82-9B00-7B999234E6BD}.Debug|ARM.ActiveCfg = Debug|ARM
		{CACA8BC3-0AC6-4A82-9B00-7B999234E6BD}.Debug|ARM.Build.0 = Debug|ARM
		{CACA8BC3-0AC6-4A82-9B00-7B999234E6BD}.Debug|ARM.Deploy.0 = Debug|ARM
		{CACA8BC3-0AC6-4A82-9B00-7B999234E6BD}.Debug|iPhone.ActiveCfg = Debug|Any CPU
		{CACA8BC3-0AC6-4A82-9B00-7B999234E6BD}.Debug|iPhone.Build.0 = Debug|Any CPU
		{CACA8BC3-0AC6-4A82-9B00-7B999234E6BD}.Debug|iPhone.Deploy.0 = Debug|Any CPU
		{CACA8BC3-0AC6-4A82-9B00-7B999234E6BD}.Debug|iPhoneSimulator.ActiveCfg = Debug|Any CPU
		{CACA8BC3-0AC6-4A82-9B00-7B999234E6BD}.Debug|iPhoneSimulator.Build.0 = Debug|Any CPU
		{CACA8BC3-0AC6-4A82-9B00-7B999234E6BD}.Debug|iPhoneSimulator.Deploy.0 = Debug|Any CPU
		{CACA8BC3-0AC6-4A82-9B00-7B999234E6BD}.Debug|x64.ActiveCfg = Debug|Any CPU
		{CACA8BC3-0AC6-4A82-9B00-7B999234E6BD}.Debug|x64.Build.0 = Debug|Any CPU
		{CACA8BC3-0AC6-4A82-9B00-7B999234E6BD}.Debug|x64.Deploy.0 = Debug|Any CPU
		{CACA8BC3-0AC6-4A82-9B00-7B999234E6BD}.Debug|x86.ActiveCfg = Debug|x86
		{CACA8BC3-0AC6-4A82-9B00-7B999234E6BD}.Debug|x86.Build.0 = Debug|x86
		{CACA8BC3-0AC6-4A82-9B00-7B999234E6BD}.Debug|x86.Deploy.0 = Debug|x86
		{CACA8BC3-0AC6-4A82-9B00-7B999234E6BD}.Release|Any CPU.ActiveCfg = Release|Any CPU
		{CACA8BC3-0AC6-4A82-9B00-7B999234E6BD}.Release|Any CPU.Build.0 = Release|Any CPU
		{CACA8BC3-0AC6-4A82-9B00-7B999234E6BD}.Release|Any CPU.Deploy.0 = Release|Any CPU
		{CACA8BC3-0AC6-4A82-9B00-7B999234E6BD}.Release|ARM.ActiveCfg = Release|ARM
		{CACA8BC3-0AC6-4A82-9B00-7B999234E6BD}.Release|ARM.Build.0 = Release|ARM
		{CACA8BC3-0AC6-4A82-9B00-7B999234E6BD}.Release|ARM.Deploy.0 = Release|ARM
		{CACA8BC3-0AC6-4A82-9B00-7B999234E6BD}.Release|iPhone.ActiveCfg = Release|Any CPU
		{CACA8BC3-0AC6-4A82-9B00-7B999234E6BD}.Release|iPhone.Build.0 = Release|Any CPU
		{CACA8BC3-0AC6-4A82-9B00-7B999234E6BD}.Release|iPhone.Deploy.0 = Release|Any CPU
		{CACA8BC3-0AC6-4A82-9B00-7B999234E6BD}.Release|iPhoneSimulator.ActiveCfg = Release|Any CPU
		{CACA8BC3-0AC6-4A82-9B00-7B999234E6BD}.Release|iPhoneSimulator.Build.0 = Release|Any CPU
		{CACA8BC3-0AC6-4A82-9B00-7B999234E6BD}.Release|iPhoneSimulator.Deploy.0 = Release|Any CPU
		{CACA8BC3-0AC6-4A82-9B00-7B999234E6BD}.Release|x64.ActiveCfg = Release|Any CPU
		{CACA8BC3-0AC6-4A82-9B00-7B999234E6BD}.Release|x64.Build.0 = Release|Any CPU
		{CACA8BC3-0AC6-4A82-9B00-7B999234E6BD}.Release|x64.Deploy.0 = Release|Any CPU
		{CACA8BC3-0AC6-4A82-9B00-7B999234E6BD}.Release|x86.ActiveCfg = Release|x86
		{CACA8BC3-0AC6-4A82-9B00-7B999234E6BD}.Release|x86.Build.0 = Release|x86
		{CACA8BC3-0AC6-4A82-9B00-7B999234E6BD}.Release|x86.Deploy.0 = Release|x86
		{D7DF952D-21B1-4410-B8EB-0BB8572C0DE1}.Ad-Hoc|Any CPU.ActiveCfg = Release|x86
		{D7DF952D-21B1-4410-B8EB-0BB8572C0DE1}.Ad-Hoc|Any CPU.Build.0 = Release|x86
		{D7DF952D-21B1-4410-B8EB-0BB8572C0DE1}.Ad-Hoc|Any CPU.Deploy.0 = Release|x86
		{D7DF952D-21B1-4410-B8EB-0BB8572C0DE1}.Ad-Hoc|ARM.ActiveCfg = Release|ARM
		{D7DF952D-21B1-4410-B8EB-0BB8572C0DE1}.Ad-Hoc|ARM.Build.0 = Release|ARM
		{D7DF952D-21B1-4410-B8EB-0BB8572C0DE1}.Ad-Hoc|ARM.Deploy.0 = Release|ARM
		{D7DF952D-21B1-4410-B8EB-0BB8572C0DE1}.Ad-Hoc|iPhone.ActiveCfg = Release|x86
		{D7DF952D-21B1-4410-B8EB-0BB8572C0DE1}.Ad-Hoc|iPhone.Build.0 = Release|x86
		{D7DF952D-21B1-4410-B8EB-0BB8572C0DE1}.Ad-Hoc|iPhone.Deploy.0 = Release|x86
		{D7DF952D-21B1-4410-B8EB-0BB8572C0DE1}.Ad-Hoc|iPhoneSimulator.ActiveCfg = Release|x86
		{D7DF952D-21B1-4410-B8EB-0BB8572C0DE1}.Ad-Hoc|iPhoneSimulator.Build.0 = Release|x86
		{D7DF952D-21B1-4410-B8EB-0BB8572C0DE1}.Ad-Hoc|iPhoneSimulator.Deploy.0 = Release|x86
		{D7DF952D-21B1-4410-B8EB-0BB8572C0DE1}.Ad-Hoc|x64.ActiveCfg = Release|x64
		{D7DF952D-21B1-4410-B8EB-0BB8572C0DE1}.Ad-Hoc|x64.Build.0 = Release|x64
		{D7DF952D-21B1-4410-B8EB-0BB8572C0DE1}.Ad-Hoc|x64.Deploy.0 = Release|x64
		{D7DF952D-21B1-4410-B8EB-0BB8572C0DE1}.Ad-Hoc|x86.ActiveCfg = Release|x86
		{D7DF952D-21B1-4410-B8EB-0BB8572C0DE1}.Ad-Hoc|x86.Build.0 = Release|x86
		{D7DF952D-21B1-4410-B8EB-0BB8572C0DE1}.Ad-Hoc|x86.Deploy.0 = Release|x86
		{D7DF952D-21B1-4410-B8EB-0BB8572C0DE1}.AppStore|Any CPU.ActiveCfg = Release|x86
		{D7DF952D-21B1-4410-B8EB-0BB8572C0DE1}.AppStore|Any CPU.Build.0 = Release|x86
		{D7DF952D-21B1-4410-B8EB-0BB8572C0DE1}.AppStore|Any CPU.Deploy.0 = Release|x86
		{D7DF952D-21B1-4410-B8EB-0BB8572C0DE1}.AppStore|ARM.ActiveCfg = Release|ARM
		{D7DF952D-21B1-4410-B8EB-0BB8572C0DE1}.AppStore|ARM.Build.0 = Release|ARM
		{D7DF952D-21B1-4410-B8EB-0BB8572C0DE1}.AppStore|ARM.Deploy.0 = Release|ARM
		{D7DF952D-21B1-4410-B8EB-0BB8572C0DE1}.AppStore|iPhone.ActiveCfg = Release|x86
		{D7DF952D-21B1-4410-B8EB-0BB8572C0DE1}.AppStore|iPhone.Build.0 = Release|x86
		{D7DF952D-21B1-4410-B8EB-0BB8572C0DE1}.AppStore|iPhone.Deploy.0 = Release|x86
		{D7DF952D-21B1-4410-B8EB-0BB8572C0DE1}.AppStore|iPhoneSimulator.ActiveCfg = Release|x86
		{D7DF952D-21B1-4410-B8EB-0BB8572C0DE1}.AppStore|iPhoneSimulator.Build.0 = Release|x86
		{D7DF952D-21B1-4410-B8EB-0BB8572C0DE1}.AppStore|iPhoneSimulator.Deploy.0 = Release|x86
		{D7DF952D-21B1-4410-B8EB-0BB8572C0DE1}.AppStore|x64.ActiveCfg = Release|x64
		{D7DF952D-21B1-4410-B8EB-0BB8572C0DE1}.AppStore|x64.Build.0 = Release|x64
		{D7DF952D-21B1-4410-B8EB-0BB8572C0DE1}.AppStore|x64.Deploy.0 = Release|x64
		{D7DF952D-21B1-4410-B8EB-0BB8572C0DE1}.AppStore|x86.ActiveCfg = Release|x86
		{D7DF952D-21B1-4410-B8EB-0BB8572C0DE1}.AppStore|x86.Build.0 = Release|x86
		{D7DF952D-21B1-4410-B8EB-0BB8572C0DE1}.AppStore|x86.Deploy.0 = Release|x86
		{D7DF952D-21B1-4410-B8EB-0BB8572C0DE1}.Debug|Any CPU.ActiveCfg = Debug|x86
		{D7DF952D-21B1-4410-B8EB-0BB8572C0DE1}.Debug|ARM.ActiveCfg = Debug|ARM
		{D7DF952D-21B1-4410-B8EB-0BB8572C0DE1}.Debug|ARM.Build.0 = Debug|ARM
		{D7DF952D-21B1-4410-B8EB-0BB8572C0DE1}.Debug|ARM.Deploy.0 = Debug|ARM
		{D7DF952D-21B1-4410-B8EB-0BB8572C0DE1}.Debug|iPhone.ActiveCfg = Debug|x86
		{D7DF952D-21B1-4410-B8EB-0BB8572C0DE1}.Debug|iPhoneSimulator.ActiveCfg = Debug|x86
		{D7DF952D-21B1-4410-B8EB-0BB8572C0DE1}.Debug|x64.ActiveCfg = Debug|x64
		{D7DF952D-21B1-4410-B8EB-0BB8572C0DE1}.Debug|x64.Build.0 = Debug|x64
		{D7DF952D-21B1-4410-B8EB-0BB8572C0DE1}.Debug|x64.Deploy.0 = Debug|x64
		{D7DF952D-21B1-4410-B8EB-0BB8572C0DE1}.Debug|x86.ActiveCfg = Debug|x86
		{D7DF952D-21B1-4410-B8EB-0BB8572C0DE1}.Debug|x86.Build.0 = Debug|x86
		{D7DF952D-21B1-4410-B8EB-0BB8572C0DE1}.Debug|x86.Deploy.0 = Debug|x86
		{D7DF952D-21B1-4410-B8EB-0BB8572C0DE1}.Release|Any CPU.ActiveCfg = Release|x86
		{D7DF952D-21B1-4410-B8EB-0BB8572C0DE1}.Release|ARM.ActiveCfg = Release|ARM
		{D7DF952D-21B1-4410-B8EB-0BB8572C0DE1}.Release|ARM.Build.0 = Release|ARM
		{D7DF952D-21B1-4410-B8EB-0BB8572C0DE1}.Release|ARM.Deploy.0 = Release|ARM
		{D7DF952D-21B1-4410-B8EB-0BB8572C0DE1}.Release|iPhone.ActiveCfg = Release|x86
		{D7DF952D-21B1-4410-B8EB-0BB8572C0DE1}.Release|iPhoneSimulator.ActiveCfg = Release|x86
		{D7DF952D-21B1-4410-B8EB-0BB8572C0DE1}.Release|x64.ActiveCfg = Release|x64
		{D7DF952D-21B1-4410-B8EB-0BB8572C0DE1}.Release|x64.Build.0 = Release|x64
		{D7DF952D-21B1-4410-B8EB-0BB8572C0DE1}.Release|x64.Deploy.0 = Release|x64
		{D7DF952D-21B1-4410-B8EB-0BB8572C0DE1}.Release|x86.ActiveCfg = Release|x86
		{D7DF952D-21B1-4410-B8EB-0BB8572C0DE1}.Release|x86.Build.0 = Release|x86
		{D7DF952D-21B1-4410-B8EB-0BB8572C0DE1}.Release|x86.Deploy.0 = Release|x86
		{C41D4D13-F721-4AAD-A4A0-477F1BF08029}.Ad-Hoc|Any CPU.ActiveCfg = Release|Any CPU
		{C41D4D13-F721-4AAD-A4A0-477F1BF08029}.Ad-Hoc|Any CPU.Build.0 = Release|Any CPU
		{C41D4D13-F721-4AAD-A4A0-477F1BF08029}.Ad-Hoc|Any CPU.Deploy.0 = Release|Any CPU
		{C41D4D13-F721-4AAD-A4A0-477F1BF08029}.Ad-Hoc|ARM.ActiveCfg = Release|ARM
		{C41D4D13-F721-4AAD-A4A0-477F1BF08029}.Ad-Hoc|ARM.Build.0 = Release|ARM
		{C41D4D13-F721-4AAD-A4A0-477F1BF08029}.Ad-Hoc|ARM.Deploy.0 = Release|ARM
		{C41D4D13-F721-4AAD-A4A0-477F1BF08029}.Ad-Hoc|iPhone.ActiveCfg = Release|Any CPU
		{C41D4D13-F721-4AAD-A4A0-477F1BF08029}.Ad-Hoc|iPhone.Build.0 = Release|Any CPU
		{C41D4D13-F721-4AAD-A4A0-477F1BF08029}.Ad-Hoc|iPhone.Deploy.0 = Release|Any CPU
		{C41D4D13-F721-4AAD-A4A0-477F1BF08029}.Ad-Hoc|iPhoneSimulator.ActiveCfg = Release|Any CPU
		{C41D4D13-F721-4AAD-A4A0-477F1BF08029}.Ad-Hoc|iPhoneSimulator.Build.0 = Release|Any CPU
		{C41D4D13-F721-4AAD-A4A0-477F1BF08029}.Ad-Hoc|iPhoneSimulator.Deploy.0 = Release|Any CPU
		{C41D4D13-F721-4AAD-A4A0-477F1BF08029}.Ad-Hoc|x64.ActiveCfg = Release|x64
		{C41D4D13-F721-4AAD-A4A0-477F1BF08029}.Ad-Hoc|x64.Build.0 = Release|x64
		{C41D4D13-F721-4AAD-A4A0-477F1BF08029}.Ad-Hoc|x64.Deploy.0 = Release|x64
		{C41D4D13-F721-4AAD-A4A0-477F1BF08029}.Ad-Hoc|x86.ActiveCfg = Release|x86
		{C41D4D13-F721-4AAD-A4A0-477F1BF08029}.Ad-Hoc|x86.Build.0 = Release|x86
		{C41D4D13-F721-4AAD-A4A0-477F1BF08029}.Ad-Hoc|x86.Deploy.0 = Release|x86
		{C41D4D13-F721-4AAD-A4A0-477F1BF08029}.AppStore|Any CPU.ActiveCfg = Release|Any CPU
		{C41D4D13-F721-4AAD-A4A0-477F1BF08029}.AppStore|Any CPU.Build.0 = Release|Any CPU
		{C41D4D13-F721-4AAD-A4A0-477F1BF08029}.AppStore|Any CPU.Deploy.0 = Release|Any CPU
		{C41D4D13-F721-4AAD-A4A0-477F1BF08029}.AppStore|ARM.ActiveCfg = Release|ARM
		{C41D4D13-F721-4AAD-A4A0-477F1BF08029}.AppStore|ARM.Build.0 = Release|ARM
		{C41D4D13-F721-4AAD-A4A0-477F1BF08029}.AppStore|ARM.Deploy.0 = Release|ARM
		{C41D4D13-F721-4AAD-A4A0-477F1BF08029}.AppStore|iPhone.ActiveCfg = Release|Any CPU
		{C41D4D13-F721-4AAD-A4A0-477F1BF08029}.AppStore|iPhone.Build.0 = Release|Any CPU
		{C41D4D13-F721-4AAD-A4A0-477F1BF08029}.AppStore|iPhone.Deploy.0 = Release|Any CPU
		{C41D4D13-F721-4AAD-A4A0-477F1BF08029}.AppStore|iPhoneSimulator.ActiveCfg = Release|Any CPU
		{C41D4D13-F721-4AAD-A4A0-477F1BF08029}.AppStore|iPhoneSimulator.Build.0 = Release|Any CPU
		{C41D4D13-F721-4AAD-A4A0-477F1BF08029}.AppStore|iPhoneSimulator.Deploy.0 = Release|Any CPU
		{C41D4D13-F721-4AAD-A4A0-477F1BF08029}.AppStore|x64.ActiveCfg = Release|x64
		{C41D4D13-F721-4AAD-A4A0-477F1BF08029}.AppStore|x64.Build.0 = Release|x64
		{C41D4D13-F721-4AAD-A4A0-477F1BF08029}.AppStore|x64.Deploy.0 = Release|x64
		{C41D4D13-F721-4AAD-A4A0-477F1BF08029}.AppStore|x86.ActiveCfg = Release|x86
		{C41D4D13-F721-4AAD-A4A0-477F1BF08029}.AppStore|x86.Build.0 = Release|x86
		{C41D4D13-F721-4AAD-A4A0-477F1BF08029}.AppStore|x86.Deploy.0 = Release|x86
		{C41D4D13-F721-4AAD-A4A0-477F1BF08029}.Debug|Any CPU.ActiveCfg = Debug|Any CPU
		{C41D4D13-F721-4AAD-A4A0-477F1BF08029}.Debug|Any CPU.Build.0 = Debug|Any CPU
		{C41D4D13-F721-4AAD-A4A0-477F1BF08029}.Debug|Any CPU.Deploy.0 = Debug|Any CPU
		{C41D4D13-F721-4AAD-A4A0-477F1BF08029}.Debug|ARM.ActiveCfg = Debug|ARM
		{C41D4D13-F721-4AAD-A4A0-477F1BF08029}.Debug|ARM.Build.0 = Debug|ARM
		{C41D4D13-F721-4AAD-A4A0-477F1BF08029}.Debug|ARM.Deploy.0 = Debug|ARM
		{C41D4D13-F721-4AAD-A4A0-477F1BF08029}.Debug|iPhone.ActiveCfg = Debug|Any CPU
		{C41D4D13-F721-4AAD-A4A0-477F1BF08029}.Debug|iPhone.Build.0 = Debug|Any CPU
		{C41D4D13-F721-4AAD-A4A0-477F1BF08029}.Debug|iPhone.Deploy.0 = Debug|Any CPU
		{C41D4D13-F721-4AAD-A4A0-477F1BF08029}.Debug|iPhoneSimulator.ActiveCfg = Debug|Any CPU
		{C41D4D13-F721-4AAD-A4A0-477F1BF08029}.Debug|iPhoneSimulator.Build.0 = Debug|Any CPU
		{C41D4D13-F721-4AAD-A4A0-477F1BF08029}.Debug|iPhoneSimulator.Deploy.0 = Debug|Any CPU
		{C41D4D13-F721-4AAD-A4A0-477F1BF08029}.Debug|x64.ActiveCfg = Debug|x64
		{C41D4D13-F721-4AAD-A4A0-477F1BF08029}.Debug|x64.Build.0 = Debug|x64
		{C41D4D13-F721-4AAD-A4A0-477F1BF08029}.Debug|x64.Deploy.0 = Debug|x64
		{C41D4D13-F721-4AAD-A4A0-477F1BF08029}.Debug|x86.ActiveCfg = Debug|x86
		{C41D4D13-F721-4AAD-A4A0-477F1BF08029}.Debug|x86.Build.0 = Debug|x86
		{C41D4D13-F721-4AAD-A4A0-477F1BF08029}.Debug|x86.Deploy.0 = Debug|x86
		{C41D4D13-F721-4AAD-A4A0-477F1BF08029}.Release|Any CPU.ActiveCfg = Release|Any CPU
		{C41D4D13-F721-4AAD-A4A0-477F1BF08029}.Release|Any CPU.Build.0 = Release|Any CPU
		{C41D4D13-F721-4AAD-A4A0-477F1BF08029}.Release|Any CPU.Deploy.0 = Release|Any CPU
		{C41D4D13-F721-4AAD-A4A0-477F1BF08029}.Release|ARM.ActiveCfg = Release|ARM
		{C41D4D13-F721-4AAD-A4A0-477F1BF08029}.Release|ARM.Build.0 = Release|ARM
		{C41D4D13-F721-4AAD-A4A0-477F1BF08029}.Release|ARM.Deploy.0 = Release|ARM
		{C41D4D13-F721-4AAD-A4A0-477F1BF08029}.Release|iPhone.ActiveCfg = Release|Any CPU
		{C41D4D13-F721-4AAD-A4A0-477F1BF08029}.Release|iPhone.Build.0 = Release|Any CPU
		{C41D4D13-F721-4AAD-A4A0-477F1BF08029}.Release|iPhone.Deploy.0 = Release|Any CPU
		{C41D4D13-F721-4AAD-A4A0-477F1BF08029}.Release|iPhoneSimulator.ActiveCfg = Release|Any CPU
		{C41D4D13-F721-4AAD-A4A0-477F1BF08029}.Release|iPhoneSimulator.Build.0 = Release|Any CPU
		{C41D4D13-F721-4AAD-A4A0-477F1BF08029}.Release|iPhoneSimulator.Deploy.0 = Release|Any CPU
		{C41D4D13-F721-4AAD-A4A0-477F1BF08029}.Release|x64.ActiveCfg = Release|x64
		{C41D4D13-F721-4AAD-A4A0-477F1BF08029}.Release|x64.Build.0 = Release|x64
		{C41D4D13-F721-4AAD-A4A0-477F1BF08029}.Release|x64.Deploy.0 = Release|x64
		{C41D4D13-F721-4AAD-A4A0-477F1BF08029}.Release|x86.ActiveCfg = Release|x86
		{C41D4D13-F721-4AAD-A4A0-477F1BF08029}.Release|x86.Build.0 = Release|x86
		{C41D4D13-F721-4AAD-A4A0-477F1BF08029}.Release|x86.Deploy.0 = Release|x86
	EndGlobalSection
	GlobalSection(SolutionProperties) = preSolution
		HideSolutionNode = FALSE
	EndGlobalSection
EndGlobal
