
Microsoft Visual Studio Solution File, Format Version 12.00
# Visual Studio 14
VisualStudioVersion = 14.0.24720.0
MinimumVisualStudioVersion = 10.0.40219.1
Project("{FAE04EC0-301F-11D3-BF4B-00C04F79EFBC}") = "XamarinWorkshopLab4.Droid", "XamarinWorkshopLab4\XamarinWorkshopLab4.Droid\XamarinWorkshopLab4.Droid.csproj", "{D4239225-BB2F-48AD-AA54-4D37E27AFC61}"
EndProject
Project("{FAE04EC0-301F-11D3-BF4B-00C04F79EFBC}") = "XamarinWorkshopLab4.iOS", "XamarinWorkshopLab4\XamarinWorkshopLab4.iOS\XamarinWorkshopLab4.iOS.csproj", "{D4467DF1-CE52-4EAC-87BA-01613D7C906D}"
EndProject
Project("{FAE04EC0-301F-11D3-BF4B-00C04F79EFBC}") = "XamarinWorkshopLab4.WinPhone", "XamarinWorkshopLab4\XamarinWorkshopLab4.WinPhone\XamarinWorkshopLab4.WinPhone.csproj", "{E576DA69-72DC-4D79-B12A-526E4CDD4BA0}"
EndProject
Project("{FAE04EC0-301F-11D3-BF4B-00C04F79EFBC}") = "XamarinWorkshopLab4.UWP", "XamarinWorkshopLab4\XamarinWorkshopLab4.UWP\XamarinWorkshopLab4.UWP.csproj", "{898EE026-7EE0-4FF4-9C2F-A56B8093FF67}"
EndProject
Project("{FAE04EC0-301F-11D3-BF4B-00C04F79EFBC}") = "XamarinWorkshopLab4.Windows", "XamarinWorkshopLab4\XamarinWorkshopLab4.Windows\XamarinWorkshopLab4.Windows.csproj", "{7531A1AC-BD0A-40D0-86E8-D9A3321AE7B1}"
EndProject
Project("{FAE04EC0-301F-11D3-BF4B-00C04F79EFBC}") = "XamarinWorkshopLab4", "XamarinWorkshopLab4\XamarinWorkshopLab4\XamarinWorkshopLab4.csproj", "{D93C8E0D-25E9-4B8F-B7F0-880B913564D0}"
EndProject
Global
	GlobalSection(SolutionConfigurationPlatforms) = preSolution
		Ad-Hoc|Any CPU = Ad-Hoc|Any CPU
		Ad-Hoc|ARM = Ad-Hoc|ARM
		Ad-Hoc|iPhone = Ad-Hoc|iPhone
		Ad-Hoc|iPhoneSimulator = Ad-Hoc|iPhoneSimulator
		Ad-Hoc|x64 = Ad-Hoc|x64
		Ad-Hoc|x86 = Ad-Hoc|x86
		AppStore|Any CPU = AppStore|Any CPU
		AppStore|ARM = AppStore|ARM
		AppStore|iPhone = AppStore|iPhone
		AppStore|iPhoneSimulator = AppStore|iPhoneSimulator
		AppStore|x64 = AppStore|x64
		AppStore|x86 = AppStore|x86
		Debug|Any CPU = Debug|Any CPU
		Debug|ARM = Debug|ARM
		Debug|iPhone = Debug|iPhone
		Debug|iPhoneSimulator = Debug|iPhoneSimulator
		Debug|x64 = Debug|x64
		Debug|x86 = Debug|x86
		Release|Any CPU = Release|Any CPU
		Release|ARM = Release|ARM
		Release|iPhone = Release|iPhone
		Release|iPhoneSimulator = Release|iPhoneSimulator
		Release|x64 = Release|x64
		Release|x86 = Release|x86
	EndGlobalSection
	GlobalSection(ProjectConfigurationPlatforms) = postSolution
		{D4239225-BB2F-48AD-AA54-4D37E27AFC61}.Ad-Hoc|Any CPU.ActiveCfg = Release|Any CPU
		{D4239225-BB2F-48AD-AA54-4D37E27AFC61}.Ad-Hoc|Any CPU.Build.0 = Release|Any CPU
		{D4239225-BB2F-48AD-AA54-4D37E27AFC61}.Ad-Hoc|Any CPU.Deploy.0 = Release|Any CPU
		{D4239225-BB2F-48AD-AA54-4D37E27AFC61}.Ad-Hoc|ARM.ActiveCfg = Release|Any CPU
		{D4239225-BB2F-48AD-AA54-4D37E27AFC61}.Ad-Hoc|ARM.Build.0 = Release|Any CPU
		{D4239225-BB2F-48AD-AA54-4D37E27AFC61}.Ad-Hoc|ARM.Deploy.0 = Release|Any CPU
		{D4239225-BB2F-48AD-AA54-4D37E27AFC61}.Ad-Hoc|iPhone.ActiveCfg = Release|Any CPU
		{D4239225-BB2F-48AD-AA54-4D37E27AFC61}.Ad-Hoc|iPhone.Build.0 = Release|Any CPU
		{D4239225-BB2F-48AD-AA54-4D37E27AFC61}.Ad-Hoc|iPhone.Deploy.0 = Release|Any CPU
		{D4239225-BB2F-48AD-AA54-4D37E27AFC61}.Ad-Hoc|iPhoneSimulator.ActiveCfg = Release|Any CPU
		{D4239225-BB2F-48AD-AA54-4D37E27AFC61}.Ad-Hoc|iPhoneSimulator.Build.0 = Release|Any CPU
		{D4239225-BB2F-48AD-AA54-4D37E27AFC61}.Ad-Hoc|iPhoneSimulator.Deploy.0 = Release|Any CPU
		{D4239225-BB2F-48AD-AA54-4D37E27AFC61}.Ad-Hoc|x64.ActiveCfg = Release|Any CPU
		{D4239225-BB2F-48AD-AA54-4D37E27AFC61}.Ad-Hoc|x64.Build.0 = Release|Any CPU
		{D4239225-BB2F-48AD-AA54-4D37E27AFC61}.Ad-Hoc|x64.Deploy.0 = Release|Any CPU
		{D4239225-BB2F-48AD-AA54-4D37E27AFC61}.Ad-Hoc|x86.ActiveCfg = Release|Any CPU
		{D4239225-BB2F-48AD-AA54-4D37E27AFC61}.Ad-Hoc|x86.Build.0 = Release|Any CPU
		{D4239225-BB2F-48AD-AA54-4D37E27AFC61}.Ad-Hoc|x86.Deploy.0 = Release|Any CPU
		{D4239225-BB2F-48AD-AA54-4D37E27AFC61}.AppStore|Any CPU.ActiveCfg = Release|Any CPU
		{D4239225-BB2F-48AD-AA54-4D37E27AFC61}.AppStore|Any CPU.Build.0 = Release|Any CPU
		{D4239225-BB2F-48AD-AA54-4D37E27AFC61}.AppStore|Any CPU.Deploy.0 = Release|Any CPU
		{D4239225-BB2F-48AD-AA54-4D37E27AFC61}.AppStore|ARM.ActiveCfg = Release|Any CPU
		{D4239225-BB2F-48AD-AA54-4D37E27AFC61}.AppStore|ARM.Build.0 = Release|Any CPU
		{D4239225-BB2F-48AD-AA54-4D37E27AFC61}.AppStore|ARM.Deploy.0 = Release|Any CPU
		{D4239225-BB2F-48AD-AA54-4D37E27AFC61}.AppStore|iPhone.ActiveCfg = Release|Any CPU
		{D4239225-BB2F-48AD-AA54-4D37E27AFC61}.AppStore|iPhone.Build.0 = Release|Any CPU
		{D4239225-BB2F-48AD-AA54-4D37E27AFC61}.AppStore|iPhone.Deploy.0 = Release|Any CPU
		{D4239225-BB2F-48AD-AA54-4D37E27AFC61}.AppStore|iPhoneSimulator.ActiveCfg = Release|Any CPU
		{D4239225-BB2F-48AD-AA54-4D37E27AFC61}.AppStore|iPhoneSimulator.Build.0 = Release|Any CPU
		{D4239225-BB2F-48AD-AA54-4D37E27AFC61}.AppStore|iPhoneSimulator.Deploy.0 = Release|Any CPU
		{D4239225-BB2F-48AD-AA54-4D37E27AFC61}.AppStore|x64.ActiveCfg = Release|Any CPU
		{D4239225-BB2F-48AD-AA54-4D37E27AFC61}.AppStore|x64.Build.0 = Release|Any CPU
		{D4239225-BB2F-48AD-AA54-4D37E27AFC61}.AppStore|x64.Deploy.0 = Release|Any CPU
		{D4239225-BB2F-48AD-AA54-4D37E27AFC61}.AppStore|x86.ActiveCfg = Release|Any CPU
		{D4239225-BB2F-48AD-AA54-4D37E27AFC61}.AppStore|x86.Build.0 = Release|Any CPU
		{D4239225-BB2F-48AD-AA54-4D37E27AFC61}.AppStore|x86.Deploy.0 = Release|Any CPU
		{D4239225-BB2F-48AD-AA54-4D37E27AFC61}.Debug|Any CPU.ActiveCfg = Debug|Any CPU
		{D4239225-BB2F-48AD-AA54-4D37E27AFC61}.Debug|Any CPU.Build.0 = Debug|Any CPU
		{D4239225-BB2F-48AD-AA54-4D37E27AFC61}.Debug|Any CPU.Deploy.0 = Debug|Any CPU
		{D4239225-BB2F-48AD-AA54-4D37E27AFC61}.Debug|ARM.ActiveCfg = Debug|Any CPU
		{D4239225-BB2F-48AD-AA54-4D37E27AFC61}.Debug|ARM.Build.0 = Debug|Any CPU
		{D4239225-BB2F-48AD-AA54-4D37E27AFC61}.Debug|ARM.Deploy.0 = Debug|Any CPU
		{D4239225-BB2F-48AD-AA54-4D37E27AFC61}.Debug|iPhone.ActiveCfg = Debug|Any CPU
		{D4239225-BB2F-48AD-AA54-4D37E27AFC61}.Debug|iPhone.Build.0 = Debug|Any CPU
		{D4239225-BB2F-48AD-AA54-4D37E27AFC61}.Debug|iPhone.Deploy.0 = Debug|Any CPU
		{D4239225-BB2F-48AD-AA54-4D37E27AFC61}.Debug|iPhoneSimulator.ActiveCfg = Debug|Any CPU
		{D4239225-BB2F-48AD-AA54-4D37E27AFC61}.Debug|iPhoneSimulator.Build.0 = Debug|Any CPU
		{D4239225-BB2F-48AD-AA54-4D37E27AFC61}.Debug|iPhoneSimulator.Deploy.0 = Debug|Any CPU
		{D4239225-BB2F-48AD-AA54-4D37E27AFC61}.Debug|x64.ActiveCfg = Debug|Any CPU
		{D4239225-BB2F-48AD-AA54-4D37E27AFC61}.Debug|x64.Build.0 = Debug|Any CPU
		{D4239225-BB2F-48AD-AA54-4D37E27AFC61}.Debug|x64.Deploy.0 = Debug|Any CPU
		{D4239225-BB2F-48AD-AA54-4D37E27AFC61}.Debug|x86.ActiveCfg = Debug|Any CPU
		{D4239225-BB2F-48AD-AA54-4D37E27AFC61}.Debug|x86.Build.0 = Debug|Any CPU
		{D4239225-BB2F-48AD-AA54-4D37E27AFC61}.Debug|x86.Deploy.0 = Debug|Any CPU
		{D4239225-BB2F-48AD-AA54-4D37E27AFC61}.Release|Any CPU.ActiveCfg = Release|Any CPU
		{D4239225-BB2F-48AD-AA54-4D37E27AFC61}.Release|Any CPU.Build.0 = Release|Any CPU
		{D4239225-BB2F-48AD-AA54-4D37E27AFC61}.Release|Any CPU.Deploy.0 = Release|Any CPU
		{D4239225-BB2F-48AD-AA54-4D37E27AFC61}.Release|ARM.ActiveCfg = Release|Any CPU
		{D4239225-BB2F-48AD-AA54-4D37E27AFC61}.Release|ARM.Build.0 = Release|Any CPU
		{D4239225-BB2F-48AD-AA54-4D37E27AFC61}.Release|ARM.Deploy.0 = Release|Any CPU
		{D4239225-BB2F-48AD-AA54-4D37E27AFC61}.Release|iPhone.ActiveCfg = Release|Any CPU
		{D4239225-BB2F-48AD-AA54-4D37E27AFC61}.Release|iPhone.Build.0 = Release|Any CPU
		{D4239225-BB2F-48AD-AA54-4D37E27AFC61}.Release|iPhone.Deploy.0 = Release|Any CPU
		{D4239225-BB2F-48AD-AA54-4D37E27AFC61}.Release|iPhoneSimulator.ActiveCfg = Release|Any CPU
		{D4239225-BB2F-48AD-AA54-4D37E27AFC61}.Release|iPhoneSimulator.Build.0 = Release|Any CPU
		{D4239225-BB2F-48AD-AA54-4D37E27AFC61}.Release|iPhoneSimulator.Deploy.0 = Release|Any CPU
		{D4239225-BB2F-48AD-AA54-4D37E27AFC61}.Release|x64.ActiveCfg = Release|Any CPU
		{D4239225-BB2F-48AD-AA54-4D37E27AFC61}.Release|x64.Build.0 = Release|Any CPU
		{D4239225-BB2F-48AD-AA54-4D37E27AFC61}.Release|x64.Deploy.0 = Release|Any CPU
		{D4239225-BB2F-48AD-AA54-4D37E27AFC61}.Release|x86.ActiveCfg = Release|Any CPU
		{D4239225-BB2F-48AD-AA54-4D37E27AFC61}.Release|x86.Build.0 = Release|Any CPU
		{D4239225-BB2F-48AD-AA54-4D37E27AFC61}.Release|x86.Deploy.0 = Release|Any CPU
		{D4467DF1-CE52-4EAC-87BA-01613D7C906D}.Ad-Hoc|Any CPU.ActiveCfg = Ad-Hoc|iPhone
		{D4467DF1-CE52-4EAC-87BA-01613D7C906D}.Ad-Hoc|ARM.ActiveCfg = Ad-Hoc|iPhone
		{D4467DF1-CE52-4EAC-87BA-01613D7C906D}.Ad-Hoc|iPhone.ActiveCfg = Ad-Hoc|iPhone
		{D4467DF1-CE52-4EAC-87BA-01613D7C906D}.Ad-Hoc|iPhone.Build.0 = Ad-Hoc|iPhone
		{D4467DF1-CE52-4EAC-87BA-01613D7C906D}.Ad-Hoc|iPhoneSimulator.ActiveCfg = Ad-Hoc|iPhoneSimulator
		{D4467DF1-CE52-4EAC-87BA-01613D7C906D}.Ad-Hoc|iPhoneSimulator.Build.0 = Ad-Hoc|iPhoneSimulator
		{D4467DF1-CE52-4EAC-87BA-01613D7C906D}.Ad-Hoc|x64.ActiveCfg = Ad-Hoc|iPhone
		{D4467DF1-CE52-4EAC-87BA-01613D7C906D}.Ad-Hoc|x86.ActiveCfg = Ad-Hoc|iPhone
		{D4467DF1-CE52-4EAC-87BA-01613D7C906D}.AppStore|Any CPU.ActiveCfg = AppStore|iPhone
		{D4467DF1-CE52-4EAC-87BA-01613D7C906D}.AppStore|ARM.ActiveCfg = AppStore|iPhone
		{D4467DF1-CE52-4EAC-87BA-01613D7C906D}.AppStore|iPhone.ActiveCfg = AppStore|iPhone
		{D4467DF1-CE52-4EAC-87BA-01613D7C906D}.AppStore|iPhone.Build.0 = AppStore|iPhone
		{D4467DF1-CE52-4EAC-87BA-01613D7C906D}.AppStore|iPhoneSimulator.ActiveCfg = AppStore|iPhoneSimulator
		{D4467DF1-CE52-4EAC-87BA-01613D7C906D}.AppStore|iPhoneSimulator.Build.0 = AppStore|iPhoneSimulator
		{D4467DF1-CE52-4EAC-87BA-01613D7C906D}.AppStore|x64.ActiveCfg = AppStore|iPhone
		{D4467DF1-CE52-4EAC-87BA-01613D7C906D}.AppStore|x86.ActiveCfg = AppStore|iPhone
		{D4467DF1-CE52-4EAC-87BA-01613D7C906D}.Debug|Any CPU.ActiveCfg = Debug|iPhone
		{D4467DF1-CE52-4EAC-87BA-01613D7C906D}.Debug|ARM.ActiveCfg = Debug|iPhone
		{D4467DF1-CE52-4EAC-87BA-01613D7C906D}.Debug|iPhone.ActiveCfg = Debug|iPhone
		{D4467DF1-CE52-4EAC-87BA-01613D7C906D}.Debug|iPhone.Build.0 = Debug|iPhone
		{D4467DF1-CE52-4EAC-87BA-01613D7C906D}.Debug|iPhoneSimulator.ActiveCfg = Debug|iPhoneSimulator
		{D4467DF1-CE52-4EAC-87BA-01613D7C906D}.Debug|iPhoneSimulator.Build.0 = Debug|iPhoneSimulator
		{D4467DF1-CE52-4EAC-87BA-01613D7C906D}.Debug|x64.ActiveCfg = Debug|iPhone
		{D4467DF1-CE52-4EAC-87BA-01613D7C906D}.Debug|x86.ActiveCfg = Debug|iPhone
		{D4467DF1-CE52-4EAC-87BA-01613D7C906D}.Release|Any CPU.ActiveCfg = Release|iPhone
		{D4467DF1-CE52-4EAC-87BA-01613D7C906D}.Release|ARM.ActiveCfg = Release|iPhone
		{D4467DF1-CE52-4EAC-87BA-01613D7C906D}.Release|iPhone.ActiveCfg = Release|iPhone
		{D4467DF1-CE52-4EAC-87BA-01613D7C906D}.Release|iPhone.Build.0 = Release|iPhone
		{D4467DF1-CE52-4EAC-87BA-01613D7C906D}.Release|iPhoneSimulator.ActiveCfg = Release|iPhoneSimulator
		{D4467DF1-CE52-4EAC-87BA-01613D7C906D}.Release|iPhoneSimulator.Build.0 = Release|iPhoneSimulator
		{D4467DF1-CE52-4EAC-87BA-01613D7C906D}.Release|x64.ActiveCfg = Release|iPhone
		{D4467DF1-CE52-4EAC-87BA-01613D7C906D}.Release|x86.ActiveCfg = Release|iPhone
		{E576DA69-72DC-4D79-B12A-526E4CDD4BA0}.Ad-Hoc|Any CPU.ActiveCfg = Release|Any CPU
		{E576DA69-72DC-4D79-B12A-526E4CDD4BA0}.Ad-Hoc|Any CPU.Build.0 = Release|Any CPU
		{E576DA69-72DC-4D79-B12A-526E4CDD4BA0}.Ad-Hoc|Any CPU.Deploy.0 = Release|Any CPU
		{E576DA69-72DC-4D79-B12A-526E4CDD4BA0}.Ad-Hoc|ARM.ActiveCfg = Release|ARM
		{E576DA69-72DC-4D79-B12A-526E4CDD4BA0}.Ad-Hoc|ARM.Build.0 = Release|ARM
		{E576DA69-72DC-4D79-B12A-526E4CDD4BA0}.Ad-Hoc|ARM.Deploy.0 = Release|ARM
		{E576DA69-72DC-4D79-B12A-526E4CDD4BA0}.Ad-Hoc|iPhone.ActiveCfg = Release|Any CPU
		{E576DA69-72DC-4D79-B12A-526E4CDD4BA0}.Ad-Hoc|iPhone.Build.0 = Release|Any CPU
		{E576DA69-72DC-4D79-B12A-526E4CDD4BA0}.Ad-Hoc|iPhone.Deploy.0 = Release|Any CPU
		{E576DA69-72DC-4D79-B12A-526E4CDD4BA0}.Ad-Hoc|iPhoneSimulator.ActiveCfg = Release|Any CPU
		{E576DA69-72DC-4D79-B12A-526E4CDD4BA0}.Ad-Hoc|iPhoneSimulator.Build.0 = Release|Any CPU
		{E576DA69-72DC-4D79-B12A-526E4CDD4BA0}.Ad-Hoc|iPhoneSimulator.Deploy.0 = Release|Any CPU
		{E576DA69-72DC-4D79-B12A-526E4CDD4BA0}.Ad-Hoc|x64.ActiveCfg = Release|Any CPU
		{E576DA69-72DC-4D79-B12A-526E4CDD4BA0}.Ad-Hoc|x64.Build.0 = Release|Any CPU
		{E576DA69-72DC-4D79-B12A-526E4CDD4BA0}.Ad-Hoc|x64.Deploy.0 = Release|Any CPU
		{E576DA69-72DC-4D79-B12A-526E4CDD4BA0}.Ad-Hoc|x86.ActiveCfg = Release|x86
		{E576DA69-72DC-4D79-B12A-526E4CDD4BA0}.Ad-Hoc|x86.Build.0 = Release|x86
		{E576DA69-72DC-4D79-B12A-526E4CDD4BA0}.Ad-Hoc|x86.Deploy.0 = Release|x86
		{E576DA69-72DC-4D79-B12A-526E4CDD4BA0}.AppStore|Any CPU.ActiveCfg = Release|Any CPU
		{E576DA69-72DC-4D79-B12A-526E4CDD4BA0}.AppStore|Any CPU.Build.0 = Release|Any CPU
		{E576DA69-72DC-4D79-B12A-526E4CDD4BA0}.AppStore|Any CPU.Deploy.0 = Release|Any CPU
		{E576DA69-72DC-4D79-B12A-526E4CDD4BA0}.AppStore|ARM.ActiveCfg = Release|ARM
		{E576DA69-72DC-4D79-B12A-526E4CDD4BA0}.AppStore|ARM.Build.0 = Release|ARM
		{E576DA69-72DC-4D79-B12A-526E4CDD4BA0}.AppStore|ARM.Deploy.0 = Release|ARM
		{E576DA69-72DC-4D79-B12A-526E4CDD4BA0}.AppStore|iPhone.ActiveCfg = Release|Any CPU
		{E576DA69-72DC-4D79-B12A-526E4CDD4BA0}.AppStore|iPhone.Build.0 = Release|Any CPU
		{E576DA69-72DC-4D79-B12A-526E4CDD4BA0}.AppStore|iPhone.Deploy.0 = Release|Any CPU
		{E576DA69-72DC-4D79-B12A-526E4CDD4BA0}.AppStore|iPhoneSimulator.ActiveCfg = Release|Any CPU
		{E576DA69-72DC-4D79-B12A-526E4CDD4BA0}.AppStore|iPhoneSimulator.Build.0 = Release|Any CPU
		{E576DA69-72DC-4D79-B12A-526E4CDD4BA0}.AppStore|iPhoneSimulator.Deploy.0 = Release|Any CPU
		{E576DA69-72DC-4D79-B12A-526E4CDD4BA0}.AppStore|x64.ActiveCfg = Release|Any CPU
		{E576DA69-72DC-4D79-B12A-526E4CDD4BA0}.AppStore|x64.Build.0 = Release|Any CPU
		{E576DA69-72DC-4D79-B12A-526E4CDD4BA0}.AppStore|x64.Deploy.0 = Release|Any CPU
		{E576DA69-72DC-4D79-B12A-526E4CDD4BA0}.AppStore|x86.ActiveCfg = Release|x86
		{E576DA69-72DC-4D79-B12A-526E4CDD4BA0}.AppStore|x86.Build.0 = Release|x86
		{E576DA69-72DC-4D79-B12A-526E4CDD4BA0}.AppStore|x86.Deploy.0 = Release|x86
		{E576DA69-72DC-4D79-B12A-526E4CDD4BA0}.Debug|Any CPU.ActiveCfg = Debug|Any CPU
		{E576DA69-72DC-4D79-B12A-526E4CDD4BA0}.Debug|Any CPU.Build.0 = Debug|Any CPU
		{E576DA69-72DC-4D79-B12A-526E4CDD4BA0}.Debug|Any CPU.Deploy.0 = Debug|Any CPU
		{E576DA69-72DC-4D79-B12A-526E4CDD4BA0}.Debug|ARM.ActiveCfg = Debug|ARM
		{E576DA69-72DC-4D79-B12A-526E4CDD4BA0}.Debug|ARM.Build.0 = Debug|ARM
		{E576DA69-72DC-4D79-B12A-526E4CDD4BA0}.Debug|ARM.Deploy.0 = Debug|ARM
		{E576DA69-72DC-4D79-B12A-526E4CDD4BA0}.Debug|iPhone.ActiveCfg = Debug|Any CPU
		{E576DA69-72DC-4D79-B12A-526E4CDD4BA0}.Debug|iPhone.Build.0 = Debug|Any CPU
		{E576DA69-72DC-4D79-B12A-526E4CDD4BA0}.Debug|iPhone.Deploy.0 = Debug|Any CPU
		{E576DA69-72DC-4D79-B12A-526E4CDD4BA0}.Debug|iPhoneSimulator.ActiveCfg = Debug|Any CPU
		{E576DA69-72DC-4D79-B12A-526E4CDD4BA0}.Debug|iPhoneSimulator.Build.0 = Debug|Any CPU
		{E576DA69-72DC-4D79-B12A-526E4CDD4BA0}.Debug|iPhoneSimulator.Deploy.0 = Debug|Any CPU
		{E576DA69-72DC-4D79-B12A-526E4CDD4BA0}.Debug|x64.ActiveCfg = Debug|Any CPU
		{E576DA69-72DC-4D79-B12A-526E4CDD4BA0}.Debug|x64.Build.0 = Debug|Any CPU
		{E576DA69-72DC-4D79-B12A-526E4CDD4BA0}.Debug|x64.Deploy.0 = Debug|Any CPU
		{E576DA69-72DC-4D79-B12A-526E4CDD4BA0}.Debug|x86.ActiveCfg = Debug|x86
		{E576DA69-72DC-4D79-B12A-526E4CDD4BA0}.Debug|x86.Build.0 = Debug|x86
		{E576DA69-72DC-4D79-B12A-526E4CDD4BA0}.Debug|x86.Deploy.0 = Debug|x86
		{E576DA69-72DC-4D79-B12A-526E4CDD4BA0}.Release|Any CPU.ActiveCfg = Release|Any CPU
		{E576DA69-72DC-4D79-B12A-526E4CDD4BA0}.Release|Any CPU.Build.0 = Release|Any CPU
		{E576DA69-72DC-4D79-B12A-526E4CDD4BA0}.Release|Any CPU.Deploy.0 = Release|Any CPU
		{E576DA69-72DC-4D79-B12A-526E4CDD4BA0}.Release|ARM.ActiveCfg = Release|ARM
		{E576DA69-72DC-4D79-B12A-526E4CDD4BA0}.Release|ARM.Build.0 = Release|ARM
		{E576DA69-72DC-4D79-B12A-526E4CDD4BA0}.Release|ARM.Deploy.0 = Release|ARM
		{E576DA69-72DC-4D79-B12A-526E4CDD4BA0}.Release|iPhone.ActiveCfg = Release|Any CPU
		{E576DA69-72DC-4D79-B12A-526E4CDD4BA0}.Release|iPhone.Build.0 = Release|Any CPU
		{E576DA69-72DC-4D79-B12A-526E4CDD4BA0}.Release|iPhone.Deploy.0 = Release|Any CPU
		{E576DA69-72DC-4D79-B12A-526E4CDD4BA0}.Release|iPhoneSimulator.ActiveCfg = Release|Any CPU
		{E576DA69-72DC-4D79-B12A-526E4CDD4BA0}.Release|iPhoneSimulator.Build.0 = Release|Any CPU
		{E576DA69-72DC-4D79-B12A-526E4CDD4BA0}.Release|iPhoneSimulator.Deploy.0 = Release|Any CPU
		{E576DA69-72DC-4D79-B12A-526E4CDD4BA0}.Release|x64.ActiveCfg = Release|Any CPU
		{E576DA69-72DC-4D79-B12A-526E4CDD4BA0}.Release|x64.Build.0 = Release|Any CPU
		{E576DA69-72DC-4D79-B12A-526E4CDD4BA0}.Release|x64.Deploy.0 = Release|Any CPU
		{E576DA69-72DC-4D79-B12A-526E4CDD4BA0}.Release|x86.ActiveCfg = Release|x86
		{E576DA69-72DC-4D79-B12A-526E4CDD4BA0}.Release|x86.Build.0 = Release|x86
		{E576DA69-72DC-4D79-B12A-526E4CDD4BA0}.Release|x86.Deploy.0 = Release|x86
		{898EE026-7EE0-4FF4-9C2F-A56B8093FF67}.Ad-Hoc|Any CPU.ActiveCfg = Release|x86
		{898EE026-7EE0-4FF4-9C2F-A56B8093FF67}.Ad-Hoc|Any CPU.Build.0 = Release|x86
		{898EE026-7EE0-4FF4-9C2F-A56B8093FF67}.Ad-Hoc|Any CPU.Deploy.0 = Release|x86
		{898EE026-7EE0-4FF4-9C2F-A56B8093FF67}.Ad-Hoc|ARM.ActiveCfg = Release|ARM
		{898EE026-7EE0-4FF4-9C2F-A56B8093FF67}.Ad-Hoc|ARM.Build.0 = Release|ARM
		{898EE026-7EE0-4FF4-9C2F-A56B8093FF67}.Ad-Hoc|ARM.Deploy.0 = Release|ARM
		{898EE026-7EE0-4FF4-9C2F-A56B8093FF67}.Ad-Hoc|iPhone.ActiveCfg = Release|x86
		{898EE026-7EE0-4FF4-9C2F-A56B8093FF67}.Ad-Hoc|iPhone.Build.0 = Release|x86
		{898EE026-7EE0-4FF4-9C2F-A56B8093FF67}.Ad-Hoc|iPhone.Deploy.0 = Release|x86
		{898EE026-7EE0-4FF4-9C2F-A56B8093FF67}.Ad-Hoc|iPhoneSimulator.ActiveCfg = Release|x86
		{898EE026-7EE0-4FF4-9C2F-A56B8093FF67}.Ad-Hoc|iPhoneSimulator.Build.0 = Release|x86
		{898EE026-7EE0-4FF4-9C2F-A56B8093FF67}.Ad-Hoc|iPhoneSimulator.Deploy.0 = Release|x86
		{898EE026-7EE0-4FF4-9C2F-A56B8093FF67}.Ad-Hoc|x64.ActiveCfg = Release|x64
		{898EE026-7EE0-4FF4-9C2F-A56B8093FF67}.Ad-Hoc|x64.Build.0 = Release|x64
		{898EE026-7EE0-4FF4-9C2F-A56B8093FF67}.Ad-Hoc|x64.Deploy.0 = Release|x64
		{898EE026-7EE0-4FF4-9C2F-A56B8093FF67}.Ad-Hoc|x86.ActiveCfg = Release|x86
		{898EE026-7EE0-4FF4-9C2F-A56B8093FF67}.Ad-Hoc|x86.Build.0 = Release|x86
		{898EE026-7EE0-4FF4-9C2F-A56B8093FF67}.Ad-Hoc|x86.Deploy.0 = Release|x86
		{898EE026-7EE0-4FF4-9C2F-A56B8093FF67}.AppStore|Any CPU.ActiveCfg = Release|x86
		{898EE026-7EE0-4FF4-9C2F-A56B8093FF67}.AppStore|Any CPU.Build.0 = Release|x86
		{898EE026-7EE0-4FF4-9C2F-A56B8093FF67}.AppStore|Any CPU.Deploy.0 = Release|x86
		{898EE026-7EE0-4FF4-9C2F-A56B8093FF67}.AppStore|ARM.ActiveCfg = Release|ARM
		{898EE026-7EE0-4FF4-9C2F-A56B8093FF67}.AppStore|ARM.Build.0 = Release|ARM
		{898EE026-7EE0-4FF4-9C2F-A56B8093FF67}.AppStore|ARM.Deploy.0 = Release|ARM
		{898EE026-7EE0-4FF4-9C2F-A56B8093FF67}.AppStore|iPhone.ActiveCfg = Release|x86
		{898EE026-7EE0-4FF4-9C2F-A56B8093FF67}.AppStore|iPhone.Build.0 = Release|x86
		{898EE026-7EE0-4FF4-9C2F-A56B8093FF67}.AppStore|iPhone.Deploy.0 = Release|x86
		{898EE026-7EE0-4FF4-9C2F-A56B8093FF67}.AppStore|iPhoneSimulator.ActiveCfg = Release|x86
		{898EE026-7EE0-4FF4-9C2F-A56B8093FF67}.AppStore|iPhoneSimulator.Build.0 = Release|x86
		{898EE026-7EE0-4FF4-9C2F-A56B8093FF67}.AppStore|iPhoneSimulator.Deploy.0 = Release|x86
		{898EE026-7EE0-4FF4-9C2F-A56B8093FF67}.AppStore|x64.ActiveCfg = Release|x64
		{898EE026-7EE0-4FF4-9C2F-A56B8093FF67}.AppStore|x64.Build.0 = Release|x64
		{898EE026-7EE0-4FF4-9C2F-A56B8093FF67}.AppStore|x64.Deploy.0 = Release|x64
		{898EE026-7EE0-4FF4-9C2F-A56B8093FF67}.AppStore|x86.ActiveCfg = Release|x86
		{898EE026-7EE0-4FF4-9C2F-A56B8093FF67}.AppStore|x86.Build.0 = Release|x86
		{898EE026-7EE0-4FF4-9C2F-A56B8093FF67}.AppStore|x86.Deploy.0 = Release|x86
		{898EE026-7EE0-4FF4-9C2F-A56B8093FF67}.Debug|Any CPU.ActiveCfg = Debug|x86
		{898EE026-7EE0-4FF4-9C2F-A56B8093FF67}.Debug|ARM.ActiveCfg = Debug|ARM
		{898EE026-7EE0-4FF4-9C2F-A56B8093FF67}.Debug|ARM.Build.0 = Debug|ARM
		{898EE026-7EE0-4FF4-9C2F-A56B8093FF67}.Debug|ARM.Deploy.0 = Debug|ARM
		{898EE026-7EE0-4FF4-9C2F-A56B8093FF67}.Debug|iPhone.ActiveCfg = Debug|x86
		{898EE026-7EE0-4FF4-9C2F-A56B8093FF67}.Debug|iPhoneSimulator.ActiveCfg = Debug|x86
		{898EE026-7EE0-4FF4-9C2F-A56B8093FF67}.Debug|x64.ActiveCfg = Debug|x64
		{898EE026-7EE0-4FF4-9C2F-A56B8093FF67}.Debug|x64.Build.0 = Debug|x64
		{898EE026-7EE0-4FF4-9C2F-A56B8093FF67}.Debug|x64.Deploy.0 = Debug|x64
		{898EE026-7EE0-4FF4-9C2F-A56B8093FF67}.Debug|x86.ActiveCfg = Debug|x86
		{898EE026-7EE0-4FF4-9C2F-A56B8093FF67}.Debug|x86.Build.0 = Debug|x86
		{898EE026-7EE0-4FF4-9C2F-A56B8093FF67}.Debug|x86.Deploy.0 = Debug|x86
		{898EE026-7EE0-4FF4-9C2F-A56B8093FF67}.Release|Any CPU.ActiveCfg = Release|x86
		{898EE026-7EE0-4FF4-9C2F-A56B8093FF67}.Release|ARM.ActiveCfg = Release|ARM
		{898EE026-7EE0-4FF4-9C2F-A56B8093FF67}.Release|ARM.Build.0 = Release|ARM
		{898EE026-7EE0-4FF4-9C2F-A56B8093FF67}.Release|ARM.Deploy.0 = Release|ARM
		{898EE026-7EE0-4FF4-9C2F-A56B8093FF67}.Release|iPhone.ActiveCfg = Release|x86
		{898EE026-7EE0-4FF4-9C2F-A56B8093FF67}.Release|iPhoneSimulator.ActiveCfg = Release|x86
		{898EE026-7EE0-4FF4-9C2F-A56B8093FF67}.Release|x64.ActiveCfg = Release|x64
		{898EE026-7EE0-4FF4-9C2F-A56B8093FF67}.Release|x64.Build.0 = Release|x64
		{898EE026-7EE0-4FF4-9C2F-A56B8093FF67}.Release|x64.Deploy.0 = Release|x64
		{898EE026-7EE0-4FF4-9C2F-A56B8093FF67}.Release|x86.ActiveCfg = Release|x86
		{898EE026-7EE0-4FF4-9C2F-A56B8093FF67}.Release|x86.Build.0 = Release|x86
		{898EE026-7EE0-4FF4-9C2F-A56B8093FF67}.Release|x86.Deploy.0 = Release|x86
		{7531A1AC-BD0A-40D0-86E8-D9A3321AE7B1}.Ad-Hoc|Any CPU.ActiveCfg = Release|Any CPU
		{7531A1AC-BD0A-40D0-86E8-D9A3321AE7B1}.Ad-Hoc|Any CPU.Build.0 = Release|Any CPU
		{7531A1AC-BD0A-40D0-86E8-D9A3321AE7B1}.Ad-Hoc|Any CPU.Deploy.0 = Release|Any CPU
		{7531A1AC-BD0A-40D0-86E8-D9A3321AE7B1}.Ad-Hoc|ARM.ActiveCfg = Release|ARM
		{7531A1AC-BD0A-40D0-86E8-D9A3321AE7B1}.Ad-Hoc|ARM.Build.0 = Release|ARM
		{7531A1AC-BD0A-40D0-86E8-D9A3321AE7B1}.Ad-Hoc|ARM.Deploy.0 = Release|ARM
		{7531A1AC-BD0A-40D0-86E8-D9A3321AE7B1}.Ad-Hoc|iPhone.ActiveCfg = Release|Any CPU
		{7531A1AC-BD0A-40D0-86E8-D9A3321AE7B1}.Ad-Hoc|iPhone.Build.0 = Release|Any CPU
		{7531A1AC-BD0A-40D0-86E8-D9A3321AE7B1}.Ad-Hoc|iPhone.Deploy.0 = Release|Any CPU
		{7531A1AC-BD0A-40D0-86E8-D9A3321AE7B1}.Ad-Hoc|iPhoneSimulator.ActiveCfg = Release|Any CPU
		{7531A1AC-BD0A-40D0-86E8-D9A3321AE7B1}.Ad-Hoc|iPhoneSimulator.Build.0 = Release|Any CPU
		{7531A1AC-BD0A-40D0-86E8-D9A3321AE7B1}.Ad-Hoc|iPhoneSimulator.Deploy.0 = Release|Any CPU
		{7531A1AC-BD0A-40D0-86E8-D9A3321AE7B1}.Ad-Hoc|x64.ActiveCfg = Release|x64
		{7531A1AC-BD0A-40D0-86E8-D9A3321AE7B1}.Ad-Hoc|x64.Build.0 = Release|x64
		{7531A1AC-BD0A-40D0-86E8-D9A3321AE7B1}.Ad-Hoc|x64.Deploy.0 = Release|x64
		{7531A1AC-BD0A-40D0-86E8-D9A3321AE7B1}.Ad-Hoc|x86.ActiveCfg = Release|x86
		{7531A1AC-BD0A-40D0-86E8-D9A3321AE7B1}.Ad-Hoc|x86.Build.0 = Release|x86
		{7531A1AC-BD0A-40D0-86E8-D9A3321AE7B1}.Ad-Hoc|x86.Deploy.0 = Release|x86
		{7531A1AC-BD0A-40D0-86E8-D9A3321AE7B1}.AppStore|Any CPU.ActiveCfg = Release|Any CPU
		{7531A1AC-BD0A-40D0-86E8-D9A3321AE7B1}.AppStore|Any CPU.Build.0 = Release|Any CPU
		{7531A1AC-BD0A-40D0-86E8-D9A3321AE7B1}.AppStore|Any CPU.Deploy.0 = Release|Any CPU
		{7531A1AC-BD0A-40D0-86E8-D9A3321AE7B1}.AppStore|ARM.ActiveCfg = Release|ARM
		{7531A1AC-BD0A-40D0-86E8-D9A3321AE7B1}.AppStore|ARM.Build.0 = Release|ARM
		{7531A1AC-BD0A-40D0-86E8-D9A3321AE7B1}.AppStore|ARM.Deploy.0 = Release|ARM
		{7531A1AC-BD0A-40D0-86E8-D9A3321AE7B1}.AppStore|iPhone.ActiveCfg = Release|Any CPU
		{7531A1AC-BD0A-40D0-86E8-D9A3321AE7B1}.AppStore|iPhone.Build.0 = Release|Any CPU
		{7531A1AC-BD0A-40D0-86E8-D9A3321AE7B1}.AppStore|iPhone.Deploy.0 = Release|Any CPU
		{7531A1AC-BD0A-40D0-86E8-D9A3321AE7B1}.AppStore|iPhoneSimulator.ActiveCfg = Release|Any CPU
		{7531A1AC-BD0A-40D0-86E8-D9A3321AE7B1}.AppStore|iPhoneSimulator.Build.0 = Release|Any CPU
		{7531A1AC-BD0A-40D0-86E8-D9A3321AE7B1}.AppStore|iPhoneSimulator.Deploy.0 = Release|Any CPU
		{7531A1AC-BD0A-40D0-86E8-D9A3321AE7B1}.AppStore|x64.ActiveCfg = Release|x64
		{7531A1AC-BD0A-40D0-86E8-D9A3321AE7B1}.AppStore|x64.Build.0 = Release|x64
		{7531A1AC-BD0A-40D0-86E8-D9A3321AE7B1}.AppStore|x64.Deploy.0 = Release|x64
		{7531A1AC-BD0A-40D0-86E8-D9A3321AE7B1}.AppStore|x86.ActiveCfg = Release|x86
		{7531A1AC-BD0A-40D0-86E8-D9A3321AE7B1}.AppStore|x86.Build.0 = Release|x86
		{7531A1AC-BD0A-40D0-86E8-D9A3321AE7B1}.AppStore|x86.Deploy.0 = Release|x86
		{7531A1AC-BD0A-40D0-86E8-D9A3321AE7B1}.Debug|Any CPU.ActiveCfg = Debug|Any CPU
		{7531A1AC-BD0A-40D0-86E8-D9A3321AE7B1}.Debug|Any CPU.Build.0 = Debug|Any CPU
		{7531A1AC-BD0A-40D0-86E8-D9A3321AE7B1}.Debug|Any CPU.Deploy.0 = Debug|Any CPU
		{7531A1AC-BD0A-40D0-86E8-D9A3321AE7B1}.Debug|ARM.ActiveCfg = Debug|ARM
		{7531A1AC-BD0A-40D0-86E8-D9A3321AE7B1}.Debug|ARM.Build.0 = Debug|ARM
		{7531A1AC-BD0A-40D0-86E8-D9A3321AE7B1}.Debug|ARM.Deploy.0 = Debug|ARM
		{7531A1AC-BD0A-40D0-86E8-D9A3321AE7B1}.Debug|iPhone.ActiveCfg = Debug|Any CPU
		{7531A1AC-BD0A-40D0-86E8-D9A3321AE7B1}.Debug|iPhone.Build.0 = Debug|Any CPU
		{7531A1AC-BD0A-40D0-86E8-D9A3321AE7B1}.Debug|iPhone.Deploy.0 = Debug|Any CPU
		{7531A1AC-BD0A-40D0-86E8-D9A3321AE7B1}.Debug|iPhoneSimulator.ActiveCfg = Debug|Any CPU
		{7531A1AC-BD0A-40D0-86E8-D9A3321AE7B1}.Debug|iPhoneSimulator.Build.0 = Debug|Any CPU
		{7531A1AC-BD0A-40D0-86E8-D9A3321AE7B1}.Debug|iPhoneSimulator.Deploy.0 = Debug|Any CPU
		{7531A1AC-BD0A-40D0-86E8-D9A3321AE7B1}.Debug|x64.ActiveCfg = Debug|x64
		{7531A1AC-BD0A-40D0-86E8-D9A3321AE7B1}.Debug|x64.Build.0 = Debug|x64
		{7531A1AC-BD0A-40D0-86E8-D9A3321AE7B1}.Debug|x64.Deploy.0 = Debug|x64
		{7531A1AC-BD0A-40D0-86E8-D9A3321AE7B1}.Debug|x86.ActiveCfg = Debug|x86
		{7531A1AC-BD0A-40D0-86E8-D9A3321AE7B1}.Debug|x86.Build.0 = Debug|x86
		{7531A1AC-BD0A-40D0-86E8-D9A3321AE7B1}.Debug|x86.Deploy.0 = Debug|x86
		{7531A1AC-BD0A-40D0-86E8-D9A3321AE7B1}.Release|Any CPU.ActiveCfg = Release|Any CPU
		{7531A1AC-BD0A-40D0-86E8-D9A3321AE7B1}.Release|Any CPU.Build.0 = Release|Any CPU
		{7531A1AC-BD0A-40D0-86E8-D9A3321AE7B1}.Release|Any CPU.Deploy.0 = Release|Any CPU
		{7531A1AC-BD0A-40D0-86E8-D9A3321AE7B1}.Release|ARM.ActiveCfg = Release|ARM
		{7531A1AC-BD0A-40D0-86E8-D9A3321AE7B1}.Release|ARM.Build.0 = Release|ARM
		{7531A1AC-BD0A-40D0-86E8-D9A3321AE7B1}.Release|ARM.Deploy.0 = Release|ARM
		{7531A1AC-BD0A-40D0-86E8-D9A3321AE7B1}.Release|iPhone.ActiveCfg = Release|Any CPU
		{7531A1AC-BD0A-40D0-86E8-D9A3321AE7B1}.Release|iPhone.Build.0 = Release|Any CPU
		{7531A1AC-BD0A-40D0-86E8-D9A3321AE7B1}.Release|iPhone.Deploy.0 = Release|Any CPU
		{7531A1AC-BD0A-40D0-86E8-D9A3321AE7B1}.Release|iPhoneSimulator.ActiveCfg = Release|Any CPU
		{7531A1AC-BD0A-40D0-86E8-D9A3321AE7B1}.Release|iPhoneSimulator.Build.0 = Release|Any CPU
		{7531A1AC-BD0A-40D0-86E8-D9A3321AE7B1}.Release|iPhoneSimulator.Deploy.0 = Release|Any CPU
		{7531A1AC-BD0A-40D0-86E8-D9A3321AE7B1}.Release|x64.ActiveCfg = Release|x64
		{7531A1AC-BD0A-40D0-86E8-D9A3321AE7B1}.Release|x64.Build.0 = Release|x64
		{7531A1AC-BD0A-40D0-86E8-D9A3321AE7B1}.Release|x64.Deploy.0 = Release|x64
		{7531A1AC-BD0A-40D0-86E8-D9A3321AE7B1}.Release|x86.ActiveCfg = Release|x86
		{7531A1AC-BD0A-40D0-86E8-D9A3321AE7B1}.Release|x86.Build.0 = Release|x86
		{7531A1AC-BD0A-40D0-86E8-D9A3321AE7B1}.Release|x86.Deploy.0 = Release|x86
		{D93C8E0D-25E9-4B8F-B7F0-880B913564D0}.Ad-Hoc|Any CPU.ActiveCfg = Release|Any CPU
		{D93C8E0D-25E9-4B8F-B7F0-880B913564D0}.Ad-Hoc|Any CPU.Build.0 = Release|Any CPU
		{D93C8E0D-25E9-4B8F-B7F0-880B913564D0}.Ad-Hoc|ARM.ActiveCfg = Release|Any CPU
		{D93C8E0D-25E9-4B8F-B7F0-880B913564D0}.Ad-Hoc|ARM.Build.0 = Release|Any CPU
		{D93C8E0D-25E9-4B8F-B7F0-880B913564D0}.Ad-Hoc|iPhone.ActiveCfg = Release|Any CPU
		{D93C8E0D-25E9-4B8F-B7F0-880B913564D0}.Ad-Hoc|iPhone.Build.0 = Release|Any CPU
		{D93C8E0D-25E9-4B8F-B7F0-880B913564D0}.Ad-Hoc|iPhoneSimulator.ActiveCfg = Release|Any CPU
		{D93C8E0D-25E9-4B8F-B7F0-880B913564D0}.Ad-Hoc|iPhoneSimulator.Build.0 = Release|Any CPU
		{D93C8E0D-25E9-4B8F-B7F0-880B913564D0}.Ad-Hoc|x64.ActiveCfg = Release|Any CPU
		{D93C8E0D-25E9-4B8F-B7F0-880B913564D0}.Ad-Hoc|x64.Build.0 = Release|Any CPU
		{D93C8E0D-25E9-4B8F-B7F0-880B913564D0}.Ad-Hoc|x86.ActiveCfg = Release|Any CPU
		{D93C8E0D-25E9-4B8F-B7F0-880B913564D0}.Ad-Hoc|x86.Build.0 = Release|Any CPU
		{D93C8E0D-25E9-4B8F-B7F0-880B913564D0}.AppStore|Any CPU.ActiveCfg = Release|Any CPU
		{D93C8E0D-25E9-4B8F-B7F0-880B913564D0}.AppStore|Any CPU.Build.0 = Release|Any CPU
		{D93C8E0D-25E9-4B8F-B7F0-880B913564D0}.AppStore|ARM.ActiveCfg = Release|Any CPU
		{D93C8E0D-25E9-4B8F-B7F0-880B913564D0}.AppStore|ARM.Build.0 = Release|Any CPU
		{D93C8E0D-25E9-4B8F-B7F0-880B913564D0}.AppStore|iPhone.ActiveCfg = Release|Any CPU
		{D93C8E0D-25E9-4B8F-B7F0-880B913564D0}.AppStore|iPhone.Build.0 = Release|Any CPU
		{D93C8E0D-25E9-4B8F-B7F0-880B913564D0}.AppStore|iPhoneSimulator.ActiveCfg = Release|Any CPU
		{D93C8E0D-25E9-4B8F-B7F0-880B913564D0}.AppStore|iPhoneSimulator.Build.0 = Release|Any CPU
		{D93C8E0D-25E9-4B8F-B7F0-880B913564D0}.AppStore|x64.ActiveCfg = Release|Any CPU
		{D93C8E0D-25E9-4B8F-B7F0-880B913564D0}.AppStore|x64.Build.0 = Release|Any CPU
		{D93C8E0D-25E9-4B8F-B7F0-880B913564D0}.AppStore|x86.ActiveCfg = Release|Any CPU
		{D93C8E0D-25E9-4B8F-B7F0-880B913564D0}.AppStore|x86.Build.0 = Release|Any CPU
		{D93C8E0D-25E9-4B8F-B7F0-880B913564D0}.Debug|Any CPU.ActiveCfg = Debug|Any CPU
		{D93C8E0D-25E9-4B8F-B7F0-880B913564D0}.Debug|Any CPU.Build.0 = Debug|Any CPU
		{D93C8E0D-25E9-4B8F-B7F0-880B913564D0}.Debug|ARM.ActiveCfg = Debug|Any CPU
		{D93C8E0D-25E9-4B8F-B7F0-880B913564D0}.Debug|ARM.Build.0 = Debug|Any CPU
		{D93C8E0D-25E9-4B8F-B7F0-880B913564D0}.Debug|iPhone.ActiveCfg = Debug|Any CPU
		{D93C8E0D-25E9-4B8F-B7F0-880B913564D0}.Debug|iPhone.Build.0 = Debug|Any CPU
		{D93C8E0D-25E9-4B8F-B7F0-880B913564D0}.Debug|iPhoneSimulator.ActiveCfg = Debug|Any CPU
		{D93C8E0D-25E9-4B8F-B7F0-880B913564D0}.Debug|iPhoneSimulator.Build.0 = Debug|Any CPU
		{D93C8E0D-25E9-4B8F-B7F0-880B913564D0}.Debug|x64.ActiveCfg = Debug|Any CPU
		{D93C8E0D-25E9-4B8F-B7F0-880B913564D0}.Debug|x64.Build.0 = Debug|Any CPU
		{D93C8E0D-25E9-4B8F-B7F0-880B913564D0}.Debug|x86.ActiveCfg = Debug|Any CPU
		{D93C8E0D-25E9-4B8F-B7F0-880B913564D0}.Debug|x86.Build.0 = Debug|Any CPU
		{D93C8E0D-25E9-4B8F-B7F0-880B913564D0}.Release|Any CPU.ActiveCfg = Release|Any CPU
		{D93C8E0D-25E9-4B8F-B7F0-880B913564D0}.Release|Any CPU.Build.0 = Release|Any CPU
		{D93C8E0D-25E9-4B8F-B7F0-880B913564D0}.Release|ARM.ActiveCfg = Release|Any CPU
		{D93C8E0D-25E9-4B8F-B7F0-880B913564D0}.Release|ARM.Build.0 = Release|Any CPU
		{D93C8E0D-25E9-4B8F-B7F0-880B913564D0}.Release|iPhone.ActiveCfg = Release|Any CPU
		{D93C8E0D-25E9-4B8F-B7F0-880B913564D0}.Release|iPhone.Build.0 = Release|Any CPU
		{D93C8E0D-25E9-4B8F-B7F0-880B913564D0}.Release|iPhoneSimulator.ActiveCfg = Release|Any CPU
		{D93C8E0D-25E9-4B8F-B7F0-880B913564D0}.Release|iPhoneSimulator.Build.0 = Release|Any CPU
		{D93C8E0D-25E9-4B8F-B7F0-880B913564D0}.Release|x64.ActiveCfg = Release|Any CPU
		{D93C8E0D-25E9-4B8F-B7F0-880B913564D0}.Release|x64.Build.0 = Release|Any CPU
		{D93C8E0D-25E9-4B8F-B7F0-880B913564D0}.Release|x86.ActiveCfg = Release|Any CPU
		{D93C8E0D-25E9-4B8F-B7F0-880B913564D0}.Release|x86.Build.0 = Release|Any CPU
	EndGlobalSection
	GlobalSection(SolutionProperties) = preSolution
		HideSolutionNode = FALSE
	EndGlobalSection
EndGlobal
