
Microsoft Visual Studio Solution File, Format Version 12.00
# Visual Studio 14
VisualStudioVersion = 14.0.24720.0
MinimumVisualStudioVersion = 10.0.40219.1
Project("{FAE04EC0-301F-11D3-BF4B-00C04F79EFBC}") = "MonkeyApp.Droid", "MonkeyApp\MonkeyApp.Droid\MonkeyApp.Droid.csproj", "{155E6F2C-C997-4D5C-BA0F-EFA414F8CCC8}"
EndProject
Project("{FAE04EC0-301F-11D3-BF4B-00C04F79EFBC}") = "MonkeyApp.iOS", "MonkeyApp\MonkeyApp.iOS\MonkeyApp.iOS.csproj", "{BBD94D13-4896-4169-835B-F5B0B2EE4F16}"
EndProject
Project("{FAE04EC0-301F-11D3-BF4B-00C04F79EFBC}") = "MonkeyApp.WinPhone", "MonkeyApp\MonkeyApp.WinPhone\MonkeyApp.WinPhone.csproj", "{BF2CEAAD-CA7F-445C-952D-5B798B988920}"
EndProject
Project("{FAE04EC0-301F-11D3-BF4B-00C04F79EFBC}") = "MonkeyApp.UWP", "MonkeyApp\MonkeyApp.UWP\MonkeyApp.UWP.csproj", "{314F2C62-0834-4C62-9910-4267EEE1CCBE}"
EndProject
Project("{FAE04EC0-301F-11D3-BF4B-00C04F79EFBC}") = "MonkeyApp.Windows", "MonkeyApp\MonkeyApp.Windows\MonkeyApp.Windows.csproj", "{C7E2C674-6077-4BD1-9594-8989ABC1343E}"
EndProject
Project("{FAE04EC0-301F-11D3-BF4B-00C04F79EFBC}") = "MonkeyApp", "MonkeyApp\MonkeyApp\MonkeyApp.csproj", "{42E0D93F-3200-4DE9-8F72-1CD0CD0ACADB}"
EndProject
Global
	GlobalSection(SolutionConfigurationPlatforms) = preSolution
		Ad-Hoc|Any CPU = Ad-Hoc|Any CPU
		Ad-Hoc|ARM = Ad-Hoc|ARM
		Ad-Hoc|iPhone = Ad-Hoc|iPhone
		Ad-Hoc|iPhoneSimulator = Ad-Hoc|iPhoneSimulator
		Ad-Hoc|x64 = Ad-Hoc|x64
		Ad-Hoc|x86 = Ad-Hoc|x86
		AppStore|Any CPU = AppStore|Any CPU
		AppStore|ARM = AppStore|ARM
		AppStore|iPhone = AppStore|iPhone
		AppStore|iPhoneSimulator = AppStore|iPhoneSimulator
		AppStore|x64 = AppStore|x64
		AppStore|x86 = AppStore|x86
		Debug|Any CPU = Debug|Any CPU
		Debug|ARM = Debug|ARM
		Debug|iPhone = Debug|iPhone
		Debug|iPhoneSimulator = Debug|iPhoneSimulator
		Debug|x64 = Debug|x64
		Debug|x86 = Debug|x86
		Release|Any CPU = Release|Any CPU
		Release|ARM = Release|ARM
		Release|iPhone = Release|iPhone
		Release|iPhoneSimulator = Release|iPhoneSimulator
		Release|x64 = Release|x64
		Release|x86 = Release|x86
	EndGlobalSection
	GlobalSection(ProjectConfigurationPlatforms) = postSolution
		{155E6F2C-C997-4D5C-BA0F-EFA414F8CCC8}.Ad-Hoc|Any CPU.ActiveCfg = Release|Any CPU
		{155E6F2C-C997-4D5C-BA0F-EFA414F8CCC8}.Ad-Hoc|Any CPU.Build.0 = Release|Any CPU
		{155E6F2C-C997-4D5C-BA0F-EFA414F8CCC8}.Ad-Hoc|Any CPU.Deploy.0 = Release|Any CPU
		{155E6F2C-C997-4D5C-BA0F-EFA414F8CCC8}.Ad-Hoc|ARM.ActiveCfg = Release|Any CPU
		{155E6F2C-C997-4D5C-BA0F-EFA414F8CCC8}.Ad-Hoc|ARM.Build.0 = Release|Any CPU
		{155E6F2C-C997-4D5C-BA0F-EFA414F8CCC8}.Ad-Hoc|ARM.Deploy.0 = Release|Any CPU
		{155E6F2C-C997-4D5C-BA0F-EFA414F8CCC8}.Ad-Hoc|iPhone.ActiveCfg = Release|Any CPU
		{155E6F2C-C997-4D5C-BA0F-EFA414F8CCC8}.Ad-Hoc|iPhone.Build.0 = Release|Any CPU
		{155E6F2C-C997-4D5C-BA0F-EFA414F8CCC8}.Ad-Hoc|iPhone.Deploy.0 = Release|Any CPU
		{155E6F2C-C997-4D5C-BA0F-EFA414F8CCC8}.Ad-Hoc|iPhoneSimulator.ActiveCfg = Release|Any CPU
		{155E6F2C-C997-4D5C-BA0F-EFA414F8CCC8}.Ad-Hoc|iPhoneSimulator.Build.0 = Release|Any CPU
		{155E6F2C-C997-4D5C-BA0F-EFA414F8CCC8}.Ad-Hoc|iPhoneSimulator.Deploy.0 = Release|Any CPU
		{155E6F2C-C997-4D5C-BA0F-EFA414F8CCC8}.Ad-Hoc|x64.ActiveCfg = Release|Any CPU
		{155E6F2C-C997-4D5C-BA0F-EFA414F8CCC8}.Ad-Hoc|x64.Build.0 = Release|Any CPU
		{155E6F2C-C997-4D5C-BA0F-EFA414F8CCC8}.Ad-Hoc|x64.Deploy.0 = Release|Any CPU
		{155E6F2C-C997-4D5C-BA0F-EFA414F8CCC8}.Ad-Hoc|x86.ActiveCfg = Release|Any CPU
		{155E6F2C-C997-4D5C-BA0F-EFA414F8CCC8}.Ad-Hoc|x86.Build.0 = Release|Any CPU
		{155E6F2C-C997-4D5C-BA0F-EFA414F8CCC8}.Ad-Hoc|x86.Deploy.0 = Release|Any CPU
		{155E6F2C-C997-4D5C-BA0F-EFA414F8CCC8}.AppStore|Any CPU.ActiveCfg = Release|Any CPU
		{155E6F2C-C997-4D5C-BA0F-EFA414F8CCC8}.AppStore|Any CPU.Build.0 = Release|Any CPU
		{155E6F2C-C997-4D5C-BA0F-EFA414F8CCC8}.AppStore|Any CPU.Deploy.0 = Release|Any CPU
		{155E6F2C-C997-4D5C-BA0F-EFA414F8CCC8}.AppStore|ARM.ActiveCfg = Release|Any CPU
		{155E6F2C-C997-4D5C-BA0F-EFA414F8CCC8}.AppStore|ARM.Build.0 = Release|Any CPU
		{155E6F2C-C997-4D5C-BA0F-EFA414F8CCC8}.AppStore|ARM.Deploy.0 = Release|Any CPU
		{155E6F2C-C997-4D5C-BA0F-EFA414F8CCC8}.AppStore|iPhone.ActiveCfg = Release|Any CPU
		{155E6F2C-C997-4D5C-BA0F-EFA414F8CCC8}.AppStore|iPhone.Build.0 = Release|Any CPU
		{155E6F2C-C997-4D5C-BA0F-EFA414F8CCC8}.AppStore|iPhone.Deploy.0 = Release|Any CPU
		{155E6F2C-C997-4D5C-BA0F-EFA414F8CCC8}.AppStore|iPhoneSimulator.ActiveCfg = Release|Any CPU
		{155E6F2C-C997-4D5C-BA0F-EFA414F8CCC8}.AppStore|iPhoneSimulator.Build.0 = Release|Any CPU
		{155E6F2C-C997-4D5C-BA0F-EFA414F8CCC8}.AppStore|iPhoneSimulator.Deploy.0 = Release|Any CPU
		{155E6F2C-C997-4D5C-BA0F-EFA414F8CCC8}.AppStore|x64.ActiveCfg = Release|Any CPU
		{155E6F2C-C997-4D5C-BA0F-EFA414F8CCC8}.AppStore|x64.Build.0 = Release|Any CPU
		{155E6F2C-C997-4D5C-BA0F-EFA414F8CCC8}.AppStore|x64.Deploy.0 = Release|Any CPU
		{155E6F2C-C997-4D5C-BA0F-EFA414F8CCC8}.AppStore|x86.ActiveCfg = Release|Any CPU
		{155E6F2C-C997-4D5C-BA0F-EFA414F8CCC8}.AppStore|x86.Build.0 = Release|Any CPU
		{155E6F2C-C997-4D5C-BA0F-EFA414F8CCC8}.AppStore|x86.Deploy.0 = Release|Any CPU
		{155E6F2C-C997-4D5C-BA0F-EFA414F8CCC8}.Debug|Any CPU.ActiveCfg = Debug|Any CPU
		{155E6F2C-C997-4D5C-BA0F-EFA414F8CCC8}.Debug|Any CPU.Build.0 = Debug|Any CPU
		{155E6F2C-C997-4D5C-BA0F-EFA414F8CCC8}.Debug|Any CPU.Deploy.0 = Debug|Any CPU
		{155E6F2C-C997-4D5C-BA0F-EFA414F8CCC8}.Debug|ARM.ActiveCfg = Debug|Any CPU
		{155E6F2C-C997-4D5C-BA0F-EFA414F8CCC8}.Debug|ARM.Build.0 = Debug|Any CPU
		{155E6F2C-C997-4D5C-BA0F-EFA414F8CCC8}.Debug|ARM.Deploy.0 = Debug|Any CPU
		{155E6F2C-C997-4D5C-BA0F-EFA414F8CCC8}.Debug|iPhone.ActiveCfg = Debug|Any CPU
		{155E6F2C-C997-4D5C-BA0F-EFA414F8CCC8}.Debug|iPhone.Build.0 = Debug|Any CPU
		{155E6F2C-C997-4D5C-BA0F-EFA414F8CCC8}.Debug|iPhone.Deploy.0 = Debug|Any CPU
		{155E6F2C-C997-4D5C-BA0F-EFA414F8CCC8}.Debug|iPhoneSimulator.ActiveCfg = Debug|Any CPU
		{155E6F2C-C997-4D5C-BA0F-EFA414F8CCC8}.Debug|iPhoneSimulator.Build.0 = Debug|Any CPU
		{155E6F2C-C997-4D5C-BA0F-EFA414F8CCC8}.Debug|iPhoneSimulator.Deploy.0 = Debug|Any CPU
		{155E6F2C-C997-4D5C-BA0F-EFA414F8CCC8}.Debug|x64.ActiveCfg = Debug|Any CPU
		{155E6F2C-C997-4D5C-BA0F-EFA414F8CCC8}.Debug|x64.Build.0 = Debug|Any CPU
		{155E6F2C-C997-4D5C-BA0F-EFA414F8CCC8}.Debug|x64.Deploy.0 = Debug|Any CPU
		{155E6F2C-C997-4D5C-BA0F-EFA414F8CCC8}.Debug|x86.ActiveCfg = Debug|Any CPU
		{155E6F2C-C997-4D5C-BA0F-EFA414F8CCC8}.Debug|x86.Build.0 = Debug|Any CPU
		{155E6F2C-C997-4D5C-BA0F-EFA414F8CCC8}.Debug|x86.Deploy.0 = Debug|Any CPU
		{155E6F2C-C997-4D5C-BA0F-EFA414F8CCC8}.Release|Any CPU.ActiveCfg = Release|Any CPU
		{155E6F2C-C997-4D5C-BA0F-EFA414F8CCC8}.Release|Any CPU.Build.0 = Release|Any CPU
		{155E6F2C-C997-4D5C-BA0F-EFA414F8CCC8}.Release|Any CPU.Deploy.0 = Release|Any CPU
		{155E6F2C-C997-4D5C-BA0F-EFA414F8CCC8}.Release|ARM.ActiveCfg = Release|Any CPU
		{155E6F2C-C997-4D5C-BA0F-EFA414F8CCC8}.Release|ARM.Build.0 = Release|Any CPU
		{155E6F2C-C997-4D5C-BA0F-EFA414F8CCC8}.Release|ARM.Deploy.0 = Release|Any CPU
		{155E6F2C-C997-4D5C-BA0F-EFA414F8CCC8}.Release|iPhone.ActiveCfg = Release|Any CPU
		{155E6F2C-C997-4D5C-BA0F-EFA414F8CCC8}.Release|iPhone.Build.0 = Release|Any CPU
		{155E6F2C-C997-4D5C-BA0F-EFA414F8CCC8}.Release|iPhone.Deploy.0 = Release|Any CPU
		{155E6F2C-C997-4D5C-BA0F-EFA414F8CCC8}.Release|iPhoneSimulator.ActiveCfg = Release|Any CPU
		{155E6F2C-C997-4D5C-BA0F-EFA414F8CCC8}.Release|iPhoneSimulator.Build.0 = Release|Any CPU
		{155E6F2C-C997-4D5C-BA0F-EFA414F8CCC8}.Release|iPhoneSimulator.Deploy.0 = Release|Any CPU
		{155E6F2C-C997-4D5C-BA0F-EFA414F8CCC8}.Release|x64.ActiveCfg = Release|Any CPU
		{155E6F2C-C997-4D5C-BA0F-EFA414F8CCC8}.Release|x64.Build.0 = Release|Any CPU
		{155E6F2C-C997-4D5C-BA0F-EFA414F8CCC8}.Release|x64.Deploy.0 = Release|Any CPU
		{155E6F2C-C997-4D5C-BA0F-EFA414F8CCC8}.Release|x86.ActiveCfg = Release|Any CPU
		{155E6F2C-C997-4D5C-BA0F-EFA414F8CCC8}.Release|x86.Build.0 = Release|Any CPU
		{155E6F2C-C997-4D5C-BA0F-EFA414F8CCC8}.Release|x86.Deploy.0 = Release|Any CPU
		{BBD94D13-4896-4169-835B-F5B0B2EE4F16}.Ad-Hoc|Any CPU.ActiveCfg = Ad-Hoc|iPhone
		{BBD94D13-4896-4169-835B-F5B0B2EE4F16}.Ad-Hoc|ARM.ActiveCfg = Ad-Hoc|iPhone
		{BBD94D13-4896-4169-835B-F5B0B2EE4F16}.Ad-Hoc|iPhone.ActiveCfg = Ad-Hoc|iPhone
		{BBD94D13-4896-4169-835B-F5B0B2EE4F16}.Ad-Hoc|iPhone.Build.0 = Ad-Hoc|iPhone
		{BBD94D13-4896-4169-835B-F5B0B2EE4F16}.Ad-Hoc|iPhoneSimulator.ActiveCfg = Ad-Hoc|iPhoneSimulator
		{BBD94D13-4896-4169-835B-F5B0B2EE4F16}.Ad-Hoc|iPhoneSimulator.Build.0 = Ad-Hoc|iPhoneSimulator
		{BBD94D13-4896-4169-835B-F5B0B2EE4F16}.Ad-Hoc|x64.ActiveCfg = Ad-Hoc|iPhone
		{BBD94D13-4896-4169-835B-F5B0B2EE4F16}.Ad-Hoc|x86.ActiveCfg = Ad-Hoc|iPhone
		{BBD94D13-4896-4169-835B-F5B0B2EE4F16}.AppStore|Any CPU.ActiveCfg = AppStore|iPhone
		{BBD94D13-4896-4169-835B-F5B0B2EE4F16}.AppStore|ARM.ActiveCfg = AppStore|iPhone
		{BBD94D13-4896-4169-835B-F5B0B2EE4F16}.AppStore|iPhone.ActiveCfg = AppStore|iPhone
		{BBD94D13-4896-4169-835B-F5B0B2EE4F16}.AppStore|iPhone.Build.0 = AppStore|iPhone
		{BBD94D13-4896-4169-835B-F5B0B2EE4F16}.AppStore|iPhoneSimulator.ActiveCfg = AppStore|iPhoneSimulator
		{BBD94D13-4896-4169-835B-F5B0B2EE4F16}.AppStore|iPhoneSimulator.Build.0 = AppStore|iPhoneSimulator
		{BBD94D13-4896-4169-835B-F5B0B2EE4F16}.AppStore|x64.ActiveCfg = AppStore|iPhone
		{BBD94D13-4896-4169-835B-F5B0B2EE4F16}.AppStore|x86.ActiveCfg = AppStore|iPhone
		{BBD94D13-4896-4169-835B-F5B0B2EE4F16}.Debug|Any CPU.ActiveCfg = Debug|iPhone
		{BBD94D13-4896-4169-835B-F5B0B2EE4F16}.Debug|ARM.ActiveCfg = Debug|iPhone
		{BBD94D13-4896-4169-835B-F5B0B2EE4F16}.Debug|iPhone.ActiveCfg = Debug|iPhone
		{BBD94D13-4896-4169-835B-F5B0B2EE4F16}.Debug|iPhone.Build.0 = Debug|iPhone
		{BBD94D13-4896-4169-835B-F5B0B2EE4F16}.Debug|iPhoneSimulator.ActiveCfg = Debug|iPhoneSimulator
		{BBD94D13-4896-4169-835B-F5B0B2EE4F16}.Debug|iPhoneSimulator.Build.0 = Debug|iPhoneSimulator
		{BBD94D13-4896-4169-835B-F5B0B2EE4F16}.Debug|x64.ActiveCfg = Debug|iPhone
		{BBD94D13-4896-4169-835B-F5B0B2EE4F16}.Debug|x86.ActiveCfg = Debug|iPhone
		{BBD94D13-4896-4169-835B-F5B0B2EE4F16}.Release|Any CPU.ActiveCfg = Release|iPhone
		{BBD94D13-4896-4169-835B-F5B0B2EE4F16}.Release|ARM.ActiveCfg = Release|iPhone
		{BBD94D13-4896-4169-835B-F5B0B2EE4F16}.Release|iPhone.ActiveCfg = Release|iPhone
		{BBD94D13-4896-4169-835B-F5B0B2EE4F16}.Release|iPhone.Build.0 = Release|iPhone
		{BBD94D13-4896-4169-835B-F5B0B2EE4F16}.Release|iPhoneSimulator.ActiveCfg = Release|iPhoneSimulator
		{BBD94D13-4896-4169-835B-F5B0B2EE4F16}.Release|iPhoneSimulator.Build.0 = Release|iPhoneSimulator
		{BBD94D13-4896-4169-835B-F5B0B2EE4F16}.Release|x64.ActiveCfg = Release|iPhone
		{BBD94D13-4896-4169-835B-F5B0B2EE4F16}.Release|x86.ActiveCfg = Release|iPhone
		{BF2CEAAD-CA7F-445C-952D-5B798B988920}.Ad-Hoc|Any CPU.ActiveCfg = Release|Any CPU
		{BF2CEAAD-CA7F-445C-952D-5B798B988920}.Ad-Hoc|Any CPU.Build.0 = Release|Any CPU
		{BF2CEAAD-CA7F-445C-952D-5B798B988920}.Ad-Hoc|Any CPU.Deploy.0 = Release|Any CPU
		{BF2CEAAD-CA7F-445C-952D-5B798B988920}.Ad-Hoc|ARM.ActiveCfg = Release|ARM
		{BF2CEAAD-CA7F-445C-952D-5B798B988920}.Ad-Hoc|ARM.Build.0 = Release|ARM
		{BF2CEAAD-CA7F-445C-952D-5B798B988920}.Ad-Hoc|ARM.Deploy.0 = Release|ARM
		{BF2CEAAD-CA7F-445C-952D-5B798B988920}.Ad-Hoc|iPhone.ActiveCfg = Release|Any CPU
		{BF2CEAAD-CA7F-445C-952D-5B798B988920}.Ad-Hoc|iPhone.Build.0 = Release|Any CPU
		{BF2CEAAD-CA7F-445C-952D-5B798B988920}.Ad-Hoc|iPhone.Deploy.0 = Release|Any CPU
		{BF2CEAAD-CA7F-445C-952D-5B798B988920}.Ad-Hoc|iPhoneSimulator.ActiveCfg = Release|Any CPU
		{BF2CEAAD-CA7F-445C-952D-5B798B988920}.Ad-Hoc|iPhoneSimulator.Build.0 = Release|Any CPU
		{BF2CEAAD-CA7F-445C-952D-5B798B988920}.Ad-Hoc|iPhoneSimulator.Deploy.0 = Release|Any CPU
		{BF2CEAAD-CA7F-445C-952D-5B798B988920}.Ad-Hoc|x64.ActiveCfg = Release|Any CPU
		{BF2CEAAD-CA7F-445C-952D-5B798B988920}.Ad-Hoc|x64.Build.0 = Release|Any CPU
		{BF2CEAAD-CA7F-445C-952D-5B798B988920}.Ad-Hoc|x64.Deploy.0 = Release|Any CPU
		{BF2CEAAD-CA7F-445C-952D-5B798B988920}.Ad-Hoc|x86.ActiveCfg = Release|x86
		{BF2CEAAD-CA7F-445C-952D-5B798B988920}.Ad-Hoc|x86.Build.0 = Release|x86
		{BF2CEAAD-CA7F-445C-952D-5B798B988920}.Ad-Hoc|x86.Deploy.0 = Release|x86
		{BF2CEAAD-CA7F-445C-952D-5B798B988920}.AppStore|Any CPU.ActiveCfg = Release|Any CPU
		{BF2CEAAD-CA7F-445C-952D-5B798B988920}.AppStore|Any CPU.Build.0 = Release|Any CPU
		{BF2CEAAD-CA7F-445C-952D-5B798B988920}.AppStore|Any CPU.Deploy.0 = Release|Any CPU
		{BF2CEAAD-CA7F-445C-952D-5B798B988920}.AppStore|ARM.ActiveCfg = Release|ARM
		{BF2CEAAD-CA7F-445C-952D-5B798B988920}.AppStore|ARM.Build.0 = Release|ARM
		{BF2CEAAD-CA7F-445C-952D-5B798B988920}.AppStore|ARM.Deploy.0 = Release|ARM
		{BF2CEAAD-CA7F-445C-952D-5B798B988920}.AppStore|iPhone.ActiveCfg = Release|Any CPU
		{BF2CEAAD-CA7F-445C-952D-5B798B988920}.AppStore|iPhone.Build.0 = Release|Any CPU
		{BF2CEAAD-CA7F-445C-952D-5B798B988920}.AppStore|iPhone.Deploy.0 = Release|Any CPU
		{BF2CEAAD-CA7F-445C-952D-5B798B988920}.AppStore|iPhoneSimulator.ActiveCfg = Release|Any CPU
		{BF2CEAAD-CA7F-445C-952D-5B798B988920}.AppStore|iPhoneSimulator.Build.0 = Release|Any CPU
		{BF2CEAAD-CA7F-445C-952D-5B798B988920}.AppStore|iPhoneSimulator.Deploy.0 = Release|Any CPU
		{BF2CEAAD-CA7F-445C-952D-5B798B988920}.AppStore|x64.ActiveCfg = Release|Any CPU
		{BF2CEAAD-CA7F-445C-952D-5B798B988920}.AppStore|x64.Build.0 = Release|Any CPU
		{BF2CEAAD-CA7F-445C-952D-5B798B988920}.AppStore|x64.Deploy.0 = Release|Any CPU
		{BF2CEAAD-CA7F-445C-952D-5B798B988920}.AppStore|x86.ActiveCfg = Release|x86
		{BF2CEAAD-CA7F-445C-952D-5B798B988920}.AppStore|x86.Build.0 = Release|x86
		{BF2CEAAD-CA7F-445C-952D-5B798B988920}.AppStore|x86.Deploy.0 = Release|x86
		{BF2CEAAD-CA7F-445C-952D-5B798B988920}.Debug|Any CPU.ActiveCfg = Debug|Any CPU
		{BF2CEAAD-CA7F-445C-952D-5B798B988920}.Debug|Any CPU.Build.0 = Debug|Any CPU
		{BF2CEAAD-CA7F-445C-952D-5B798B988920}.Debug|Any CPU.Deploy.0 = Debug|Any CPU
		{BF2CEAAD-CA7F-445C-952D-5B798B988920}.Debug|ARM.ActiveCfg = Debug|ARM
		{BF2CEAAD-CA7F-445C-952D-5B798B988920}.Debug|ARM.Build.0 = Debug|ARM
		{BF2CEAAD-CA7F-445C-952D-5B798B988920}.Debug|ARM.Deploy.0 = Debug|ARM
		{BF2CEAAD-CA7F-445C-952D-5B798B988920}.Debug|iPhone.ActiveCfg = Debug|Any CPU
		{BF2CEAAD-CA7F-445C-952D-5B798B988920}.Debug|iPhone.Build.0 = Debug|Any CPU
		{BF2CEAAD-CA7F-445C-952D-5B798B988920}.Debug|iPhone.Deploy.0 = Debug|Any CPU
		{BF2CEAAD-CA7F-445C-952D-5B798B988920}.Debug|iPhoneSimulator.ActiveCfg = Debug|Any CPU
		{BF2CEAAD-CA7F-445C-952D-5B798B988920}.Debug|iPhoneSimulator.Build.0 = Debug|Any CPU
		{BF2CEAAD-CA7F-445C-952D-5B798B988920}.Debug|iPhoneSimulator.Deploy.0 = Debug|Any CPU
		{BF2CEAAD-CA7F-445C-952D-5B798B988920}.Debug|x64.ActiveCfg = Debug|Any CPU
		{BF2CEAAD-CA7F-445C-952D-5B798B988920}.Debug|x64.Build.0 = Debug|Any CPU
		{BF2CEAAD-CA7F-445C-952D-5B798B988920}.Debug|x64.Deploy.0 = Debug|Any CPU
		{BF2CEAAD-CA7F-445C-952D-5B798B988920}.Debug|x86.ActiveCfg = Debug|x86
		{BF2CEAAD-CA7F-445C-952D-5B798B988920}.Debug|x86.Build.0 = Debug|x86
		{BF2CEAAD-CA7F-445C-952D-5B798B988920}.Debug|x86.Deploy.0 = Debug|x86
		{BF2CEAAD-CA7F-445C-952D-5B798B988920}.Release|Any CPU.ActiveCfg = Release|Any CPU
		{BF2CEAAD-CA7F-445C-952D-5B798B988920}.Release|Any CPU.Build.0 = Release|Any CPU
		{BF2CEAAD-CA7F-445C-952D-5B798B988920}.Release|Any CPU.Deploy.0 = Release|Any CPU
		{BF2CEAAD-CA7F-445C-952D-5B798B988920}.Release|ARM.ActiveCfg = Release|ARM
		{BF2CEAAD-CA7F-445C-952D-5B798B988920}.Release|ARM.Build.0 = Release|ARM
		{BF2CEAAD-CA7F-445C-952D-5B798B988920}.Release|ARM.Deploy.0 = Release|ARM
		{BF2CEAAD-CA7F-445C-952D-5B798B988920}.Release|iPhone.ActiveCfg = Release|Any CPU
		{BF2CEAAD-CA7F-445C-952D-5B798B988920}.Release|iPhone.Build.0 = Release|Any CPU
		{BF2CEAAD-CA7F-445C-952D-5B798B988920}.Release|iPhone.Deploy.0 = Release|Any CPU
		{BF2CEAAD-CA7F-445C-952D-5B798B988920}.Release|iPhoneSimulator.ActiveCfg = Release|Any CPU
		{BF2CEAAD-CA7F-445C-952D-5B798B988920}.Release|iPhoneSimulator.Build.0 = Release|Any CPU
		{BF2CEAAD-CA7F-445C-952D-5B798B988920}.Release|iPhoneSimulator.Deploy.0 = Release|Any CPU
		{BF2CEAAD-CA7F-445C-952D-5B798B988920}.Release|x64.ActiveCfg = Release|Any CPU
		{BF2CEAAD-CA7F-445C-952D-5B798B988920}.Release|x64.Build.0 = Release|Any CPU
		{BF2CEAAD-CA7F-445C-952D-5B798B988920}.Release|x64.Deploy.0 = Release|Any CPU
		{BF2CEAAD-CA7F-445C-952D-5B798B988920}.Release|x86.ActiveCfg = Release|x86
		{BF2CEAAD-CA7F-445C-952D-5B798B988920}.Release|x86.Build.0 = Release|x86
		{BF2CEAAD-CA7F-445C-952D-5B798B988920}.Release|x86.Deploy.0 = Release|x86
		{314F2C62-0834-4C62-9910-4267EEE1CCBE}.Ad-Hoc|Any CPU.ActiveCfg = Release|x86
		{314F2C62-0834-4C62-9910-4267EEE1CCBE}.Ad-Hoc|Any CPU.Build.0 = Release|x86
		{314F2C62-0834-4C62-9910-4267EEE1CCBE}.Ad-Hoc|Any CPU.Deploy.0 = Release|x86
		{314F2C62-0834-4C62-9910-4267EEE1CCBE}.Ad-Hoc|ARM.ActiveCfg = Release|ARM
		{314F2C62-0834-4C62-9910-4267EEE1CCBE}.Ad-Hoc|ARM.Build.0 = Release|ARM
		{314F2C62-0834-4C62-9910-4267EEE1CCBE}.Ad-Hoc|ARM.Deploy.0 = Release|ARM
		{314F2C62-0834-4C62-9910-4267EEE1CCBE}.Ad-Hoc|iPhone.ActiveCfg = Release|x86
		{314F2C62-0834-4C62-9910-4267EEE1CCBE}.Ad-Hoc|iPhone.Build.0 = Release|x86
		{314F2C62-0834-4C62-9910-4267EEE1CCBE}.Ad-Hoc|iPhone.Deploy.0 = Release|x86
		{314F2C62-0834-4C62-9910-4267EEE1CCBE}.Ad-Hoc|iPhoneSimulator.ActiveCfg = Release|x86
		{314F2C62-0834-4C62-9910-4267EEE1CCBE}.Ad-Hoc|iPhoneSimulator.Build.0 = Release|x86
		{314F2C62-0834-4C62-9910-4267EEE1CCBE}.Ad-Hoc|iPhoneSimulator.Deploy.0 = Release|x86
		{314F2C62-0834-4C62-9910-4267EEE1CCBE}.Ad-Hoc|x64.ActiveCfg = Release|x64
		{314F2C62-0834-4C62-9910-4267EEE1CCBE}.Ad-Hoc|x64.Build.0 = Release|x64
		{314F2C62-0834-4C62-9910-4267EEE1CCBE}.Ad-Hoc|x64.Deploy.0 = Release|x64
		{314F2C62-0834-4C62-9910-4267EEE1CCBE}.Ad-Hoc|x86.ActiveCfg = Release|x86
		{314F2C62-0834-4C62-9910-4267EEE1CCBE}.Ad-Hoc|x86.Build.0 = Release|x86
		{314F2C62-0834-4C62-9910-4267EEE1CCBE}.Ad-Hoc|x86.Deploy.0 = Release|x86
		{314F2C62-0834-4C62-9910-4267EEE1CCBE}.AppStore|Any CPU.ActiveCfg = Release|x86
		{314F2C62-0834-4C62-9910-4267EEE1CCBE}.AppStore|Any CPU.Build.0 = Release|x86
		{314F2C62-0834-4C62-9910-4267EEE1CCBE}.AppStore|Any CPU.Deploy.0 = Release|x86
		{314F2C62-0834-4C62-9910-4267EEE1CCBE}.AppStore|ARM.ActiveCfg = Release|ARM
		{314F2C62-0834-4C62-9910-4267EEE1CCBE}.AppStore|ARM.Build.0 = Release|ARM
		{314F2C62-0834-4C62-9910-4267EEE1CCBE}.AppStore|ARM.Deploy.0 = Release|ARM
		{314F2C62-0834-4C62-9910-4267EEE1CCBE}.AppStore|iPhone.ActiveCfg = Release|x86
		{314F2C62-0834-4C62-9910-4267EEE1CCBE}.AppStore|iPhone.Build.0 = Release|x86
		{314F2C62-0834-4C62-9910-4267EEE1CCBE}.AppStore|iPhone.Deploy.0 = Release|x86
		{314F2C62-0834-4C62-9910-4267EEE1CCBE}.AppStore|iPhoneSimulator.ActiveCfg = Release|x86
		{314F2C62-0834-4C62-9910-4267EEE1CCBE}.AppStore|iPhoneSimulator.Build.0 = Release|x86
		{314F2C62-0834-4C62-9910-4267EEE1CCBE}.AppStore|iPhoneSimulator.Deploy.0 = Release|x86
		{314F2C62-0834-4C62-9910-4267EEE1CCBE}.AppStore|x64.ActiveCfg = Release|x64
		{314F2C62-0834-4C62-9910-4267EEE1CCBE}.AppStore|x64.Build.0 = Release|x64
		{314F2C62-0834-4C62-9910-4267EEE1CCBE}.AppStore|x64.Deploy.0 = Release|x64
		{314F2C62-0834-4C62-9910-4267EEE1CCBE}.AppStore|x86.ActiveCfg = Release|x86
		{314F2C62-0834-4C62-9910-4267EEE1CCBE}.AppStore|x86.Build.0 = Release|x86
		{314F2C62-0834-4C62-9910-4267EEE1CCBE}.AppStore|x86.Deploy.0 = Release|x86
		{314F2C62-0834-4C62-9910-4267EEE1CCBE}.Debug|Any CPU.ActiveCfg = Debug|x86
		{314F2C62-0834-4C62-9910-4267EEE1CCBE}.Debug|ARM.ActiveCfg = Debug|ARM
		{314F2C62-0834-4C62-9910-4267EEE1CCBE}.Debug|ARM.Build.0 = Debug|ARM
		{314F2C62-0834-4C62-9910-4267EEE1CCBE}.Debug|ARM.Deploy.0 = Debug|ARM
		{314F2C62-0834-4C62-9910-4267EEE1CCBE}.Debug|iPhone.ActiveCfg = Debug|x86
		{314F2C62-0834-4C62-9910-4267EEE1CCBE}.Debug|iPhoneSimulator.ActiveCfg = Debug|x86
		{314F2C62-0834-4C62-9910-4267EEE1CCBE}.Debug|x64.ActiveCfg = Debug|x64
		{314F2C62-0834-4C62-9910-4267EEE1CCBE}.Debug|x64.Build.0 = Debug|x64
		{314F2C62-0834-4C62-9910-4267EEE1CCBE}.Debug|x64.Deploy.0 = Debug|x64
		{314F2C62-0834-4C62-9910-4267EEE1CCBE}.Debug|x86.ActiveCfg = Debug|x86
		{314F2C62-0834-4C62-9910-4267EEE1CCBE}.Debug|x86.Build.0 = Debug|x86
		{314F2C62-0834-4C62-9910-4267EEE1CCBE}.Debug|x86.Deploy.0 = Debug|x86
		{314F2C62-0834-4C62-9910-4267EEE1CCBE}.Release|Any CPU.ActiveCfg = Release|x86
		{314F2C62-0834-4C62-9910-4267EEE1CCBE}.Release|ARM.ActiveCfg = Release|ARM
		{314F2C62-0834-4C62-9910-4267EEE1CCBE}.Release|ARM.Build.0 = Release|ARM
		{314F2C62-0834-4C62-9910-4267EEE1CCBE}.Release|ARM.Deploy.0 = Release|ARM
		{314F2C62-0834-4C62-9910-4267EEE1CCBE}.Release|iPhone.ActiveCfg = Release|x86
		{314F2C62-0834-4C62-9910-4267EEE1CCBE}.Release|iPhoneSimulator.ActiveCfg = Release|x86
		{314F2C62-0834-4C62-9910-4267EEE1CCBE}.Release|x64.ActiveCfg = Release|x64
		{314F2C62-0834-4C62-9910-4267EEE1CCBE}.Release|x64.Build.0 = Release|x64
		{314F2C62-0834-4C62-9910-4267EEE1CCBE}.Release|x64.Deploy.0 = Release|x64
		{314F2C62-0834-4C62-9910-4267EEE1CCBE}.Release|x86.ActiveCfg = Release|x86
		{314F2C62-0834-4C62-9910-4267EEE1CCBE}.Release|x86.Build.0 = Release|x86
		{314F2C62-0834-4C62-9910-4267EEE1CCBE}.Release|x86.Deploy.0 = Release|x86
		{C7E2C674-6077-4BD1-9594-8989ABC1343E}.Ad-Hoc|Any CPU.ActiveCfg = Release|Any CPU
		{C7E2C674-6077-4BD1-9594-8989ABC1343E}.Ad-Hoc|Any CPU.Build.0 = Release|Any CPU
		{C7E2C674-6077-4BD1-9594-8989ABC1343E}.Ad-Hoc|Any CPU.Deploy.0 = Release|Any CPU
		{C7E2C674-6077-4BD1-9594-8989ABC1343E}.Ad-Hoc|ARM.ActiveCfg = Release|ARM
		{C7E2C674-6077-4BD1-9594-8989ABC1343E}.Ad-Hoc|ARM.Build.0 = Release|ARM
		{C7E2C674-6077-4BD1-9594-8989ABC1343E}.Ad-Hoc|ARM.Deploy.0 = Release|ARM
		{C7E2C674-6077-4BD1-9594-8989ABC1343E}.Ad-Hoc|iPhone.ActiveCfg = Release|Any CPU
		{C7E2C674-6077-4BD1-9594-8989ABC1343E}.Ad-Hoc|iPhone.Build.0 = Release|Any CPU
		{C7E2C674-6077-4BD1-9594-8989ABC1343E}.Ad-Hoc|iPhone.Deploy.0 = Release|Any CPU
		{C7E2C674-6077-4BD1-9594-8989ABC1343E}.Ad-Hoc|iPhoneSimulator.ActiveCfg = Release|Any CPU
		{C7E2C674-6077-4BD1-9594-8989ABC1343E}.Ad-Hoc|iPhoneSimulator.Build.0 = Release|Any CPU
		{C7E2C674-6077-4BD1-9594-8989ABC1343E}.Ad-Hoc|iPhoneSimulator.Deploy.0 = Release|Any CPU
		{C7E2C674-6077-4BD1-9594-8989ABC1343E}.Ad-Hoc|x64.ActiveCfg = Release|x64
		{C7E2C674-6077-4BD1-9594-8989ABC1343E}.Ad-Hoc|x64.Build.0 = Release|x64
		{C7E2C674-6077-4BD1-9594-8989ABC1343E}.Ad-Hoc|x64.Deploy.0 = Release|x64
		{C7E2C674-6077-4BD1-9594-8989ABC1343E}.Ad-Hoc|x86.ActiveCfg = Release|x86
		{C7E2C674-6077-4BD1-9594-8989ABC1343E}.Ad-Hoc|x86.Build.0 = Release|x86
		{C7E2C674-6077-4BD1-9594-8989ABC1343E}.Ad-Hoc|x86.Deploy.0 = Release|x86
		{C7E2C674-6077-4BD1-9594-8989ABC1343E}.AppStore|Any CPU.ActiveCfg = Release|Any CPU
		{C7E2C674-6077-4BD1-9594-8989ABC1343E}.AppStore|Any CPU.Build.0 = Release|Any CPU
		{C7E2C674-6077-4BD1-9594-8989ABC1343E}.AppStore|Any CPU.Deploy.0 = Release|Any CPU
		{C7E2C674-6077-4BD1-9594-8989ABC1343E}.AppStore|ARM.ActiveCfg = Release|ARM
		{C7E2C674-6077-4BD1-9594-8989ABC1343E}.AppStore|ARM.Build.0 = Release|ARM
		{C7E2C674-6077-4BD1-9594-8989ABC1343E}.AppStore|ARM.Deploy.0 = Release|ARM
		{C7E2C674-6077-4BD1-9594-8989ABC1343E}.AppStore|iPhone.ActiveCfg = Release|Any CPU
		{C7E2C674-6077-4BD1-9594-8989ABC1343E}.AppStore|iPhone.Build.0 = Release|Any CPU
		{C7E2C674-6077-4BD1-9594-8989ABC1343E}.AppStore|iPhone.Deploy.0 = Release|Any CPU
		{C7E2C674-6077-4BD1-9594-8989ABC1343E}.AppStore|iPhoneSimulator.ActiveCfg = Release|Any CPU
		{C7E2C674-6077-4BD1-9594-8989ABC1343E}.AppStore|iPhoneSimulator.Build.0 = Release|Any CPU
		{C7E2C674-6077-4BD1-9594-8989ABC1343E}.AppStore|iPhoneSimulator.Deploy.0 = Release|Any CPU
		{C7E2C674-6077-4BD1-9594-8989ABC1343E}.AppStore|x64.ActiveCfg = Release|x64
		{C7E2C674-6077-4BD1-9594-8989ABC1343E}.AppStore|x64.Build.0 = Release|x64
		{C7E2C674-6077-4BD1-9594-8989ABC1343E}.AppStore|x64.Deploy.0 = Release|x64
		{C7E2C674-6077-4BD1-9594-8989ABC1343E}.AppStore|x86.ActiveCfg = Release|x86
		{C7E2C674-6077-4BD1-9594-8989ABC1343E}.AppStore|x86.Build.0 = Release|x86
		{C7E2C674-6077-4BD1-9594-8989ABC1343E}.AppStore|x86.Deploy.0 = Release|x86
		{C7E2C674-6077-4BD1-9594-8989ABC1343E}.Debug|Any CPU.ActiveCfg = Debug|Any CPU
		{C7E2C674-6077-4BD1-9594-8989ABC1343E}.Debug|Any CPU.Build.0 = Debug|Any CPU
		{C7E2C674-6077-4BD1-9594-8989ABC1343E}.Debug|Any CPU.Deploy.0 = Debug|Any CPU
		{C7E2C674-6077-4BD1-9594-8989ABC1343E}.Debug|ARM.ActiveCfg = Debug|ARM
		{C7E2C674-6077-4BD1-9594-8989ABC1343E}.Debug|ARM.Build.0 = Debug|ARM
		{C7E2C674-6077-4BD1-9594-8989ABC1343E}.Debug|ARM.Deploy.0 = Debug|ARM
		{C7E2C674-6077-4BD1-9594-8989ABC1343E}.Debug|iPhone.ActiveCfg = Debug|Any CPU
		{C7E2C674-6077-4BD1-9594-8989ABC1343E}.Debug|iPhone.Build.0 = Debug|Any CPU
		{C7E2C674-6077-4BD1-9594-8989ABC1343E}.Debug|iPhone.Deploy.0 = Debug|Any CPU
		{C7E2C674-6077-4BD1-9594-8989ABC1343E}.Debug|iPhoneSimulator.ActiveCfg = Debug|Any CPU
		{C7E2C674-6077-4BD1-9594-8989ABC1343E}.Debug|iPhoneSimulator.Build.0 = Debug|Any CPU
		{C7E2C674-6077-4BD1-9594-8989ABC1343E}.Debug|iPhoneSimulator.Deploy.0 = Debug|Any CPU
		{C7E2C674-6077-4BD1-9594-8989ABC1343E}.Debug|x64.ActiveCfg = Debug|x64
		{C7E2C674-6077-4BD1-9594-8989ABC1343E}.Debug|x64.Build.0 = Debug|x64
		{C7E2C674-6077-4BD1-9594-8989ABC1343E}.Debug|x64.Deploy.0 = Debug|x64
		{C7E2C674-6077-4BD1-9594-8989ABC1343E}.Debug|x86.ActiveCfg = Debug|x86
		{C7E2C674-6077-4BD1-9594-8989ABC1343E}.Debug|x86.Build.0 = Debug|x86
		{C7E2C674-6077-4BD1-9594-8989ABC1343E}.Debug|x86.Deploy.0 = Debug|x86
		{C7E2C674-6077-4BD1-9594-8989ABC1343E}.Release|Any CPU.ActiveCfg = Release|Any CPU
		{C7E2C674-6077-4BD1-9594-8989ABC1343E}.Release|Any CPU.Build.0 = Release|Any CPU
		{C7E2C674-6077-4BD1-9594-8989ABC1343E}.Release|Any CPU.Deploy.0 = Release|Any CPU
		{C7E2C674-6077-4BD1-9594-8989ABC1343E}.Release|ARM.ActiveCfg = Release|ARM
		{C7E2C674-6077-4BD1-9594-8989ABC1343E}.Release|ARM.Build.0 = Release|ARM
		{C7E2C674-6077-4BD1-9594-8989ABC1343E}.Release|ARM.Deploy.0 = Release|ARM
		{C7E2C674-6077-4BD1-9594-8989ABC1343E}.Release|iPhone.ActiveCfg = Release|Any CPU
		{C7E2C674-6077-4BD1-9594-8989ABC1343E}.Release|iPhone.Build.0 = Release|Any CPU
		{C7E2C674-6077-4BD1-9594-8989ABC1343E}.Release|iPhone.Deploy.0 = Release|Any CPU
		{C7E2C674-6077-4BD1-9594-8989ABC1343E}.Release|iPhoneSimulator.ActiveCfg = Release|Any CPU
		{C7E2C674-6077-4BD1-9594-8989ABC1343E}.Release|iPhoneSimulator.Build.0 = Release|Any CPU
		{C7E2C674-6077-4BD1-9594-8989ABC1343E}.Release|iPhoneSimulator.Deploy.0 = Release|Any CPU
		{C7E2C674-6077-4BD1-9594-8989ABC1343E}.Release|x64.ActiveCfg = Release|x64
		{C7E2C674-6077-4BD1-9594-8989ABC1343E}.Release|x64.Build.0 = Release|x64
		{C7E2C674-6077-4BD1-9594-8989ABC1343E}.Release|x64.Deploy.0 = Release|x64
		{C7E2C674-6077-4BD1-9594-8989ABC1343E}.Release|x86.ActiveCfg = Release|x86
		{C7E2C674-6077-4BD1-9594-8989ABC1343E}.Release|x86.Build.0 = Release|x86
		{C7E2C674-6077-4BD1-9594-8989ABC1343E}.Release|x86.Deploy.0 = Release|x86
		{42E0D93F-3200-4DE9-8F72-1CD0CD0ACADB}.Ad-Hoc|Any CPU.ActiveCfg = Release|Any CPU
		{42E0D93F-3200-4DE9-8F72-1CD0CD0ACADB}.Ad-Hoc|Any CPU.Build.0 = Release|Any CPU
		{42E0D93F-3200-4DE9-8F72-1CD0CD0ACADB}.Ad-Hoc|ARM.ActiveCfg = Release|Any CPU
		{42E0D93F-3200-4DE9-8F72-1CD0CD0ACADB}.Ad-Hoc|ARM.Build.0 = Release|Any CPU
		{42E0D93F-3200-4DE9-8F72-1CD0CD0ACADB}.Ad-Hoc|iPhone.ActiveCfg = Release|Any CPU
		{42E0D93F-3200-4DE9-8F72-1CD0CD0ACADB}.Ad-Hoc|iPhone.Build.0 = Release|Any CPU
		{42E0D93F-3200-4DE9-8F72-1CD0CD0ACADB}.Ad-Hoc|iPhoneSimulator.ActiveCfg = Release|Any CPU
		{42E0D93F-3200-4DE9-8F72-1CD0CD0ACADB}.Ad-Hoc|iPhoneSimulator.Build.0 = Release|Any CPU
		{42E0D93F-3200-4DE9-8F72-1CD0CD0ACADB}.Ad-Hoc|x64.ActiveCfg = Release|Any CPU
		{42E0D93F-3200-4DE9-8F72-1CD0CD0ACADB}.Ad-Hoc|x64.Build.0 = Release|Any CPU
		{42E0D93F-3200-4DE9-8F72-1CD0CD0ACADB}.Ad-Hoc|x86.ActiveCfg = Release|Any CPU
		{42E0D93F-3200-4DE9-8F72-1CD0CD0ACADB}.Ad-Hoc|x86.Build.0 = Release|Any CPU
		{42E0D93F-3200-4DE9-8F72-1CD0CD0ACADB}.AppStore|Any CPU.ActiveCfg = Release|Any CPU
		{42E0D93F-3200-4DE9-8F72-1CD0CD0ACADB}.AppStore|Any CPU.Build.0 = Release|Any CPU
		{42E0D93F-3200-4DE9-8F72-1CD0CD0ACADB}.AppStore|ARM.ActiveCfg = Release|Any CPU
		{42E0D93F-3200-4DE9-8F72-1CD0CD0ACADB}.AppStore|ARM.Build.0 = Release|Any CPU
		{42E0D93F-3200-4DE9-8F72-1CD0CD0ACADB}.AppStore|iPhone.ActiveCfg = Release|Any CPU
		{42E0D93F-3200-4DE9-8F72-1CD0CD0ACADB}.AppStore|iPhone.Build.0 = Release|Any CPU
		{42E0D93F-3200-4DE9-8F72-1CD0CD0ACADB}.AppStore|iPhoneSimulator.ActiveCfg = Release|Any CPU
		{42E0D93F-3200-4DE9-8F72-1CD0CD0ACADB}.AppStore|iPhoneSimulator.Build.0 = Release|Any CPU
		{42E0D93F-3200-4DE9-8F72-1CD0CD0ACADB}.AppStore|x64.ActiveCfg = Release|Any CPU
		{42E0D93F-3200-4DE9-8F72-1CD0CD0ACADB}.AppStore|x64.Build.0 = Release|Any CPU
		{42E0D93F-3200-4DE9-8F72-1CD0CD0ACADB}.AppStore|x86.ActiveCfg = Release|Any CPU
		{42E0D93F-3200-4DE9-8F72-1CD0CD0ACADB}.AppStore|x86.Build.0 = Release|Any CPU
		{42E0D93F-3200-4DE9-8F72-1CD0CD0ACADB}.Debug|Any CPU.ActiveCfg = Debug|Any CPU
		{42E0D93F-3200-4DE9-8F72-1CD0CD0ACADB}.Debug|Any CPU.Build.0 = Debug|Any CPU
		{42E0D93F-3200-4DE9-8F72-1CD0CD0ACADB}.Debug|ARM.ActiveCfg = Debug|Any CPU
		{42E0D93F-3200-4DE9-8F72-1CD0CD0ACADB}.Debug|ARM.Build.0 = Debug|Any CPU
		{42E0D93F-3200-4DE9-8F72-1CD0CD0ACADB}.Debug|iPhone.ActiveCfg = Debug|Any CPU
		{42E0D93F-3200-4DE9-8F72-1CD0CD0ACADB}.Debug|iPhone.Build.0 = Debug|Any CPU
		{42E0D93F-3200-4DE9-8F72-1CD0CD0ACADB}.Debug|iPhoneSimulator.ActiveCfg = Debug|Any CPU
		{42E0D93F-3200-4DE9-8F72-1CD0CD0ACADB}.Debug|iPhoneSimulator.Build.0 = Debug|Any CPU
		{42E0D93F-3200-4DE9-8F72-1CD0CD0ACADB}.Debug|x64.ActiveCfg = Debug|Any CPU
		{42E0D93F-3200-4DE9-8F72-1CD0CD0ACADB}.Debug|x64.Build.0 = Debug|Any CPU
		{42E0D93F-3200-4DE9-8F72-1CD0CD0ACADB}.Debug|x86.ActiveCfg = Debug|Any CPU
		{42E0D93F-3200-4DE9-8F72-1CD0CD0ACADB}.Debug|x86.Build.0 = Debug|Any CPU
		{42E0D93F-3200-4DE9-8F72-1CD0CD0ACADB}.Release|Any CPU.ActiveCfg = Release|Any CPU
		{42E0D93F-3200-4DE9-8F72-1CD0CD0ACADB}.Release|Any CPU.Build.0 = Release|Any CPU
		{42E0D93F-3200-4DE9-8F72-1CD0CD0ACADB}.Release|ARM.ActiveCfg = Release|Any CPU
		{42E0D93F-3200-4DE9-8F72-1CD0CD0ACADB}.Release|ARM.Build.0 = Release|Any CPU
		{42E0D93F-3200-4DE9-8F72-1CD0CD0ACADB}.Release|iPhone.ActiveCfg = Release|Any CPU
		{42E0D93F-3200-4DE9-8F72-1CD0CD0ACADB}.Release|iPhone.Build.0 = Release|Any CPU
		{42E0D93F-3200-4DE9-8F72-1CD0CD0ACADB}.Release|iPhoneSimulator.ActiveCfg = Release|Any CPU
		{42E0D93F-3200-4DE9-8F72-1CD0CD0ACADB}.Release|iPhoneSimulator.Build.0 = Release|Any CPU
		{42E0D93F-3200-4DE9-8F72-1CD0CD0ACADB}.Release|x64.ActiveCfg = Release|Any CPU
		{42E0D93F-3200-4DE9-8F72-1CD0CD0ACADB}.Release|x64.Build.0 = Release|Any CPU
		{42E0D93F-3200-4DE9-8F72-1CD0CD0ACADB}.Release|x86.ActiveCfg = Release|Any CPU
		{42E0D93F-3200-4DE9-8F72-1CD0CD0ACADB}.Release|x86.Build.0 = Release|Any CPU
	EndGlobalSection
	GlobalSection(SolutionProperties) = preSolution
		HideSolutionNode = FALSE
	EndGlobalSection
EndGlobal
